
Microsoft Visual Studio Solution File, Format Version 12.00
# Visual Studio 15
VisualStudioVersion = 15.0.26124.0
MinimumVisualStudioVersion = 15.0.26124.0
Project("{FAE04EC0-301F-11D3-BF4B-00C04F79EFBC}") = "lesson-01-hello-world", "lesson-01-hello-world\lesson-01-hello-world.csproj", "{87DCF42C-1FEE-48FC-A1A7-8253D597E672}"
EndProject
Project("{FAE04EC0-301F-11D3-BF4B-00C04F79EFBC}") = "lesson-02-data-types", "lesson-02-data-types\lesson-02-data-types.csproj", "{06A1030B-8C0B-4CCE-A1F2-493F8D47CA58}"
EndProject
Project("{FAE04EC0-301F-11D3-BF4B-00C04F79EFBC}") = "lesson-03-variables-and-calculations", "lesson-03-variables-and-calculations\lesson-03-variables-and-calculations.csproj", "{BEBCB395-6054-4BF9-BAD9-49540CFBC73A}"
EndProject
Project("{FAE04EC0-301F-11D3-BF4B-00C04F79EFBC}") = "lesson-04-debugging", "lesson-04-debugging\lesson-04-debugging.csproj", "{EA1CD6E3-71A8-40FD-84BE-7BFEF99B770C}"
EndProject
Project("{FAE04EC0-301F-11D3-BF4B-00C04F79EFBC}") = "lesson-05-strings", "lesson-05-strings\lesson-05-strings.csproj", "{C26E1A99-C134-424A-BCBC-A07D5FA836A2}"
EndProject
Project("{FAE04EC0-301F-11D3-BF4B-00C04F79EFBC}") = "lesson-06-date-time", "lesson-06-date-time\lesson-06-date-time.csproj", "{07799472-38C3-4964-A456-A3F43C425C84}"
EndProject
Project("{FAE04EC0-301F-11D3-BF4B-00C04F79EFBC}") = "lesson-07-arrays-and-collections", "lesson-07-arrays-and-collections\lesson-07-arrays-and-collections.csproj", "{A6B488ED-E3C9-4A2B-AE72-250EEE417139}"
EndProject
Project("{FAE04EC0-301F-11D3-BF4B-00C04F79EFBC}") = "lesson-08-enums-and-structs", "lesson-08-enums-and-structs\lesson-08-enums-and-structs.csproj", "{73A6387E-6912-48D8-8ADA-F1D0FDDAF1B5}"
EndProject
Project("{FAE04EC0-301F-11D3-BF4B-00C04F79EFBC}") = "lesson-09-making-choices", "lesson-09-making-choices\lesson-09-making-choices.csproj", "{E3995330-B550-437E-A958-7780E7BF72A5}"
EndProject
Project("{FAE04EC0-301F-11D3-BF4B-00C04F79EFBC}") = "lesson-10-repeating-program-steps", "lesson-10-repeating-program-steps\lesson-10-repeating-program-steps.csproj", "{3078FB54-6372-415D-8347-94E38797C2FF}"
EndProject
Project("{FAE04EC0-301F-11D3-BF4B-00C04F79EFBC}") = "lesson-11-reusing-code-with-methods", "lesson-11-reusing-code-with-methods\lesson-11-reusing-code-with-methods.csproj", "{8497D1BF-4D0A-4B13-8287-D3332D612891}"
EndProject
Project("{FAE04EC0-301F-11D3-BF4B-00C04F79EFBC}") = "lesson-12-handling-errors", "lesson-12-handling-errors\lesson-12-handling-errors.csproj", "{9E853459-D749-43E2-B82A-2C61DADCEB81}"
EndProject
Project("{FAE04EC0-301F-11D3-BF4B-00C04F79EFBC}") = "lesson-13-preventing-bugs", "lesson-13-preventing-bugs\lesson-13-preventing-bugs.csproj", "{00D29671-DB75-44EC-926F-AA6837C21AD7}"
EndProject
Project("{FAE04EC0-301F-11D3-BF4B-00C04F79EFBC}") = "lesson-14-defining-classes", "lesson-14-defining-classes\lesson-14-defining-classes.csproj", "{4758CA17-C441-4863-A234-F045ADD35958}"
EndProject
Project("{FAE04EC0-301F-11D3-BF4B-00C04F79EFBC}") = "lesson-15-initializing-objects", "lesson-15-initializing-objects\lesson-15-initializing-objects.csproj", "{8BBF05BD-9881-48B3-99D2-C831913A35E0}"
EndProject
Project("{FAE04EC0-301F-11D3-BF4B-00C04F79EFBC}") = "lesson-16-switches", "lesson-16-switches\lesson-16-switches.csproj", "{EE278C49-FC6B-4552-8E06-900DBC5EA031}"
EndProject
Project("{FAE04EC0-301F-11D3-BF4B-00C04F79EFBC}") = "lesson-17-overloading-operators", "lesson-17-overloading-operators\lesson-17-overloading-operators.csproj", "{28F836D2-803A-4C85-AAD3-56159868B00B}"
EndProject
Project("{FAE04EC0-301F-11D3-BF4B-00C04F79EFBC}") = "lesson-18-using-interfaces", "lesson-18-using-interfaces\lesson-18-using-interfaces.csproj", "{C639C9DE-F54D-4611-99EC-28F99C75E2D3}"
EndProject
Project("{FAE04EC0-301F-11D3-BF4B-00C04F79EFBC}") = "lesson-19-basic-oop-concepts", "lesson-19-basic-oop-concepts\lesson-19-basic-oop-concepts.csproj", "{1ED8F55A-8167-419F-9549-7F5631FEF8C0}"
EndProject
Project("{FAE04EC0-301F-11D3-BF4B-00C04F79EFBC}") = "lesson-20-linq", "lesson-20-linq\lesson-20-linq.csproj", "{A4A47EBE-683D-4630-B441-C38899B161C8}"
EndProject
Global
	GlobalSection(SolutionConfigurationPlatforms) = preSolution
		Debug|Any CPU = Debug|Any CPU
		Debug|x64 = Debug|x64
		Debug|x86 = Debug|x86
		Release|Any CPU = Release|Any CPU
		Release|x64 = Release|x64
		Release|x86 = Release|x86
	EndGlobalSection
	GlobalSection(SolutionProperties) = preSolution
		HideSolutionNode = FALSE
	EndGlobalSection
	GlobalSection(ProjectConfigurationPlatforms) = postSolution
		{87DCF42C-1FEE-48FC-A1A7-8253D597E672}.Debug|Any CPU.ActiveCfg = Debug|Any CPU
		{87DCF42C-1FEE-48FC-A1A7-8253D597E672}.Debug|Any CPU.Build.0 = Debug|Any CPU
		{87DCF42C-1FEE-48FC-A1A7-8253D597E672}.Debug|x64.ActiveCfg = Debug|Any CPU
		{87DCF42C-1FEE-48FC-A1A7-8253D597E672}.Debug|x64.Build.0 = Debug|Any CPU
		{87DCF42C-1FEE-48FC-A1A7-8253D597E672}.Debug|x86.ActiveCfg = Debug|Any CPU
		{87DCF42C-1FEE-48FC-A1A7-8253D597E672}.Debug|x86.Build.0 = Debug|Any CPU
		{87DCF42C-1FEE-48FC-A1A7-8253D597E672}.Release|Any CPU.ActiveCfg = Release|Any CPU
		{87DCF42C-1FEE-48FC-A1A7-8253D597E672}.Release|Any CPU.Build.0 = Release|Any CPU
		{87DCF42C-1FEE-48FC-A1A7-8253D597E672}.Release|x64.ActiveCfg = Release|Any CPU
		{87DCF42C-1FEE-48FC-A1A7-8253D597E672}.Release|x64.Build.0 = Release|Any CPU
		{87DCF42C-1FEE-48FC-A1A7-8253D597E672}.Release|x86.ActiveCfg = Release|Any CPU
		{87DCF42C-1FEE-48FC-A1A7-8253D597E672}.Release|x86.Build.0 = Release|Any CPU
		{06A1030B-8C0B-4CCE-A1F2-493F8D47CA58}.Debug|Any CPU.ActiveCfg = Debug|Any CPU
		{06A1030B-8C0B-4CCE-A1F2-493F8D47CA58}.Debug|Any CPU.Build.0 = Debug|Any CPU
		{06A1030B-8C0B-4CCE-A1F2-493F8D47CA58}.Debug|x64.ActiveCfg = Debug|Any CPU
		{06A1030B-8C0B-4CCE-A1F2-493F8D47CA58}.Debug|x64.Build.0 = Debug|Any CPU
		{06A1030B-8C0B-4CCE-A1F2-493F8D47CA58}.Debug|x86.ActiveCfg = Debug|Any CPU
		{06A1030B-8C0B-4CCE-A1F2-493F8D47CA58}.Debug|x86.Build.0 = Debug|Any CPU
		{06A1030B-8C0B-4CCE-A1F2-493F8D47CA58}.Release|Any CPU.ActiveCfg = Release|Any CPU
		{06A1030B-8C0B-4CCE-A1F2-493F8D47CA58}.Release|Any CPU.Build.0 = Release|Any CPU
		{06A1030B-8C0B-4CCE-A1F2-493F8D47CA58}.Release|x64.ActiveCfg = Release|Any CPU
		{06A1030B-8C0B-4CCE-A1F2-493F8D47CA58}.Release|x64.Build.0 = Release|Any CPU
		{06A1030B-8C0B-4CCE-A1F2-493F8D47CA58}.Release|x86.ActiveCfg = Release|Any CPU
		{06A1030B-8C0B-4CCE-A1F2-493F8D47CA58}.Release|x86.Build.0 = Release|Any CPU
		{BEBCB395-6054-4BF9-BAD9-49540CFBC73A}.Debug|Any CPU.ActiveCfg = Debug|Any CPU
		{BEBCB395-6054-4BF9-BAD9-49540CFBC73A}.Debug|Any CPU.Build.0 = Debug|Any CPU
		{BEBCB395-6054-4BF9-BAD9-49540CFBC73A}.Debug|x64.ActiveCfg = Debug|Any CPU
		{BEBCB395-6054-4BF9-BAD9-49540CFBC73A}.Debug|x64.Build.0 = Debug|Any CPU
		{BEBCB395-6054-4BF9-BAD9-49540CFBC73A}.Debug|x86.ActiveCfg = Debug|Any CPU
		{BEBCB395-6054-4BF9-BAD9-49540CFBC73A}.Debug|x86.Build.0 = Debug|Any CPU
		{BEBCB395-6054-4BF9-BAD9-49540CFBC73A}.Release|Any CPU.ActiveCfg = Release|Any CPU
		{BEBCB395-6054-4BF9-BAD9-49540CFBC73A}.Release|Any CPU.Build.0 = Release|Any CPU
		{BEBCB395-6054-4BF9-BAD9-49540CFBC73A}.Release|x64.ActiveCfg = Release|Any CPU
		{BEBCB395-6054-4BF9-BAD9-49540CFBC73A}.Release|x64.Build.0 = Release|Any CPU
		{BEBCB395-6054-4BF9-BAD9-49540CFBC73A}.Release|x86.ActiveCfg = Release|Any CPU
		{BEBCB395-6054-4BF9-BAD9-49540CFBC73A}.Release|x86.Build.0 = Release|Any CPU
		{EA1CD6E3-71A8-40FD-84BE-7BFEF99B770C}.Debug|Any CPU.ActiveCfg = Debug|Any CPU
		{EA1CD6E3-71A8-40FD-84BE-7BFEF99B770C}.Debug|Any CPU.Build.0 = Debug|Any CPU
		{EA1CD6E3-71A8-40FD-84BE-7BFEF99B770C}.Debug|x64.ActiveCfg = Debug|Any CPU
		{EA1CD6E3-71A8-40FD-84BE-7BFEF99B770C}.Debug|x64.Build.0 = Debug|Any CPU
		{EA1CD6E3-71A8-40FD-84BE-7BFEF99B770C}.Debug|x86.ActiveCfg = Debug|Any CPU
		{EA1CD6E3-71A8-40FD-84BE-7BFEF99B770C}.Debug|x86.Build.0 = Debug|Any CPU
		{EA1CD6E3-71A8-40FD-84BE-7BFEF99B770C}.Release|Any CPU.ActiveCfg = Release|Any CPU
		{EA1CD6E3-71A8-40FD-84BE-7BFEF99B770C}.Release|Any CPU.Build.0 = Release|Any CPU
		{EA1CD6E3-71A8-40FD-84BE-7BFEF99B770C}.Release|x64.ActiveCfg = Release|Any CPU
		{EA1CD6E3-71A8-40FD-84BE-7BFEF99B770C}.Release|x64.Build.0 = Release|Any CPU
		{EA1CD6E3-71A8-40FD-84BE-7BFEF99B770C}.Release|x86.ActiveCfg = Release|Any CPU
		{EA1CD6E3-71A8-40FD-84BE-7BFEF99B770C}.Release|x86.Build.0 = Release|Any CPU
		{C26E1A99-C134-424A-BCBC-A07D5FA836A2}.Debug|Any CPU.ActiveCfg = Debug|Any CPU
		{C26E1A99-C134-424A-BCBC-A07D5FA836A2}.Debug|Any CPU.Build.0 = Debug|Any CPU
		{C26E1A99-C134-424A-BCBC-A07D5FA836A2}.Debug|x64.ActiveCfg = Debug|Any CPU
		{C26E1A99-C134-424A-BCBC-A07D5FA836A2}.Debug|x64.Build.0 = Debug|Any CPU
		{C26E1A99-C134-424A-BCBC-A07D5FA836A2}.Debug|x86.ActiveCfg = Debug|Any CPU
		{C26E1A99-C134-424A-BCBC-A07D5FA836A2}.Debug|x86.Build.0 = Debug|Any CPU
		{C26E1A99-C134-424A-BCBC-A07D5FA836A2}.Release|Any CPU.ActiveCfg = Release|Any CPU
		{C26E1A99-C134-424A-BCBC-A07D5FA836A2}.Release|Any CPU.Build.0 = Release|Any CPU
		{C26E1A99-C134-424A-BCBC-A07D5FA836A2}.Release|x64.ActiveCfg = Release|Any CPU
		{C26E1A99-C134-424A-BCBC-A07D5FA836A2}.Release|x64.Build.0 = Release|Any CPU
		{C26E1A99-C134-424A-BCBC-A07D5FA836A2}.Release|x86.ActiveCfg = Release|Any CPU
		{C26E1A99-C134-424A-BCBC-A07D5FA836A2}.Release|x86.Build.0 = Release|Any CPU
		{07799472-38C3-4964-A456-A3F43C425C84}.Debug|Any CPU.ActiveCfg = Debug|Any CPU
		{07799472-38C3-4964-A456-A3F43C425C84}.Debug|Any CPU.Build.0 = Debug|Any CPU
		{07799472-38C3-4964-A456-A3F43C425C84}.Debug|x64.ActiveCfg = Debug|Any CPU
		{07799472-38C3-4964-A456-A3F43C425C84}.Debug|x64.Build.0 = Debug|Any CPU
		{07799472-38C3-4964-A456-A3F43C425C84}.Debug|x86.ActiveCfg = Debug|Any CPU
		{07799472-38C3-4964-A456-A3F43C425C84}.Debug|x86.Build.0 = Debug|Any CPU
		{07799472-38C3-4964-A456-A3F43C425C84}.Release|Any CPU.ActiveCfg = Release|Any CPU
		{07799472-38C3-4964-A456-A3F43C425C84}.Release|Any CPU.Build.0 = Release|Any CPU
		{07799472-38C3-4964-A456-A3F43C425C84}.Release|x64.ActiveCfg = Release|Any CPU
		{07799472-38C3-4964-A456-A3F43C425C84}.Release|x64.Build.0 = Release|Any CPU
		{07799472-38C3-4964-A456-A3F43C425C84}.Release|x86.ActiveCfg = Release|Any CPU
		{07799472-38C3-4964-A456-A3F43C425C84}.Release|x86.Build.0 = Release|Any CPU
		{A6B488ED-E3C9-4A2B-AE72-250EEE417139}.Debug|Any CPU.ActiveCfg = Debug|Any CPU
		{A6B488ED-E3C9-4A2B-AE72-250EEE417139}.Debug|Any CPU.Build.0 = Debug|Any CPU
		{A6B488ED-E3C9-4A2B-AE72-250EEE417139}.Debug|x64.ActiveCfg = Debug|Any CPU
		{A6B488ED-E3C9-4A2B-AE72-250EEE417139}.Debug|x64.Build.0 = Debug|Any CPU
		{A6B488ED-E3C9-4A2B-AE72-250EEE417139}.Debug|x86.ActiveCfg = Debug|Any CPU
		{A6B488ED-E3C9-4A2B-AE72-250EEE417139}.Debug|x86.Build.0 = Debug|Any CPU
		{A6B488ED-E3C9-4A2B-AE72-250EEE417139}.Release|Any CPU.ActiveCfg = Release|Any CPU
		{A6B488ED-E3C9-4A2B-AE72-250EEE417139}.Release|Any CPU.Build.0 = Release|Any CPU
		{A6B488ED-E3C9-4A2B-AE72-250EEE417139}.Release|x64.ActiveCfg = Release|Any CPU
		{A6B488ED-E3C9-4A2B-AE72-250EEE417139}.Release|x64.Build.0 = Release|Any CPU
		{A6B488ED-E3C9-4A2B-AE72-250EEE417139}.Release|x86.ActiveCfg = Release|Any CPU
		{A6B488ED-E3C9-4A2B-AE72-250EEE417139}.Release|x86.Build.0 = Release|Any CPU
		{73A6387E-6912-48D8-8ADA-F1D0FDDAF1B5}.Debug|Any CPU.ActiveCfg = Debug|Any CPU
		{73A6387E-6912-48D8-8ADA-F1D0FDDAF1B5}.Debug|Any CPU.Build.0 = Debug|Any CPU
		{73A6387E-6912-48D8-8ADA-F1D0FDDAF1B5}.Debug|x64.ActiveCfg = Debug|Any CPU
		{73A6387E-6912-48D8-8ADA-F1D0FDDAF1B5}.Debug|x64.Build.0 = Debug|Any CPU
		{73A6387E-6912-48D8-8ADA-F1D0FDDAF1B5}.Debug|x86.ActiveCfg = Debug|Any CPU
		{73A6387E-6912-48D8-8ADA-F1D0FDDAF1B5}.Debug|x86.Build.0 = Debug|Any CPU
		{73A6387E-6912-48D8-8ADA-F1D0FDDAF1B5}.Release|Any CPU.ActiveCfg = Release|Any CPU
		{73A6387E-6912-48D8-8ADA-F1D0FDDAF1B5}.Release|Any CPU.Build.0 = Release|Any CPU
		{73A6387E-6912-48D8-8ADA-F1D0FDDAF1B5}.Release|x64.ActiveCfg = Release|Any CPU
		{73A6387E-6912-48D8-8ADA-F1D0FDDAF1B5}.Release|x64.Build.0 = Release|Any CPU
		{73A6387E-6912-48D8-8ADA-F1D0FDDAF1B5}.Release|x86.ActiveCfg = Release|Any CPU
		{73A6387E-6912-48D8-8ADA-F1D0FDDAF1B5}.Release|x86.Build.0 = Release|Any CPU
		{E3995330-B550-437E-A958-7780E7BF72A5}.Debug|Any CPU.ActiveCfg = Debug|Any CPU
		{E3995330-B550-437E-A958-7780E7BF72A5}.Debug|Any CPU.Build.0 = Debug|Any CPU
		{E3995330-B550-437E-A958-7780E7BF72A5}.Debug|x64.ActiveCfg = Debug|Any CPU
		{E3995330-B550-437E-A958-7780E7BF72A5}.Debug|x64.Build.0 = Debug|Any CPU
		{E3995330-B550-437E-A958-7780E7BF72A5}.Debug|x86.ActiveCfg = Debug|Any CPU
		{E3995330-B550-437E-A958-7780E7BF72A5}.Debug|x86.Build.0 = Debug|Any CPU
		{E3995330-B550-437E-A958-7780E7BF72A5}.Release|Any CPU.ActiveCfg = Release|Any CPU
		{E3995330-B550-437E-A958-7780E7BF72A5}.Release|Any CPU.Build.0 = Release|Any CPU
		{E3995330-B550-437E-A958-7780E7BF72A5}.Release|x64.ActiveCfg = Release|Any CPU
		{E3995330-B550-437E-A958-7780E7BF72A5}.Release|x64.Build.0 = Release|Any CPU
		{E3995330-B550-437E-A958-7780E7BF72A5}.Release|x86.ActiveCfg = Release|Any CPU
		{E3995330-B550-437E-A958-7780E7BF72A5}.Release|x86.Build.0 = Release|Any CPU
		{3078FB54-6372-415D-8347-94E38797C2FF}.Debug|Any CPU.ActiveCfg = Debug|Any CPU
		{3078FB54-6372-415D-8347-94E38797C2FF}.Debug|Any CPU.Build.0 = Debug|Any CPU
		{3078FB54-6372-415D-8347-94E38797C2FF}.Debug|x64.ActiveCfg = Debug|Any CPU
		{3078FB54-6372-415D-8347-94E38797C2FF}.Debug|x64.Build.0 = Debug|Any CPU
		{3078FB54-6372-415D-8347-94E38797C2FF}.Debug|x86.ActiveCfg = Debug|Any CPU
		{3078FB54-6372-415D-8347-94E38797C2FF}.Debug|x86.Build.0 = Debug|Any CPU
		{3078FB54-6372-415D-8347-94E38797C2FF}.Release|Any CPU.ActiveCfg = Release|Any CPU
		{3078FB54-6372-415D-8347-94E38797C2FF}.Release|Any CPU.Build.0 = Release|Any CPU
		{3078FB54-6372-415D-8347-94E38797C2FF}.Release|x64.ActiveCfg = Release|Any CPU
		{3078FB54-6372-415D-8347-94E38797C2FF}.Release|x64.Build.0 = Release|Any CPU
		{3078FB54-6372-415D-8347-94E38797C2FF}.Release|x86.ActiveCfg = Release|Any CPU
		{3078FB54-6372-415D-8347-94E38797C2FF}.Release|x86.Build.0 = Release|Any CPU
		{8497D1BF-4D0A-4B13-8287-D3332D612891}.Debug|Any CPU.ActiveCfg = Debug|Any CPU
		{8497D1BF-4D0A-4B13-8287-D3332D612891}.Debug|Any CPU.Build.0 = Debug|Any CPU
		{8497D1BF-4D0A-4B13-8287-D3332D612891}.Debug|x64.ActiveCfg = Debug|Any CPU
		{8497D1BF-4D0A-4B13-8287-D3332D612891}.Debug|x64.Build.0 = Debug|Any CPU
		{8497D1BF-4D0A-4B13-8287-D3332D612891}.Debug|x86.ActiveCfg = Debug|Any CPU
		{8497D1BF-4D0A-4B13-8287-D3332D612891}.Debug|x86.Build.0 = Debug|Any CPU
		{8497D1BF-4D0A-4B13-8287-D3332D612891}.Release|Any CPU.ActiveCfg = Release|Any CPU
		{8497D1BF-4D0A-4B13-8287-D3332D612891}.Release|Any CPU.Build.0 = Release|Any CPU
		{8497D1BF-4D0A-4B13-8287-D3332D612891}.Release|x64.ActiveCfg = Release|Any CPU
		{8497D1BF-4D0A-4B13-8287-D3332D612891}.Release|x64.Build.0 = Release|Any CPU
		{8497D1BF-4D0A-4B13-8287-D3332D612891}.Release|x86.ActiveCfg = Release|Any CPU
		{8497D1BF-4D0A-4B13-8287-D3332D612891}.Release|x86.Build.0 = Release|Any CPU
		{9E853459-D749-43E2-B82A-2C61DADCEB81}.Debug|Any CPU.ActiveCfg = Debug|Any CPU
		{9E853459-D749-43E2-B82A-2C61DADCEB81}.Debug|Any CPU.Build.0 = Debug|Any CPU
		{9E853459-D749-43E2-B82A-2C61DADCEB81}.Debug|x64.ActiveCfg = Debug|Any CPU
		{9E853459-D749-43E2-B82A-2C61DADCEB81}.Debug|x64.Build.0 = Debug|Any CPU
		{9E853459-D749-43E2-B82A-2C61DADCEB81}.Debug|x86.ActiveCfg = Debug|Any CPU
		{9E853459-D749-43E2-B82A-2C61DADCEB81}.Debug|x86.Build.0 = Debug|Any CPU
		{9E853459-D749-43E2-B82A-2C61DADCEB81}.Release|Any CPU.ActiveCfg = Release|Any CPU
		{9E853459-D749-43E2-B82A-2C61DADCEB81}.Release|Any CPU.Build.0 = Release|Any CPU
		{9E853459-D749-43E2-B82A-2C61DADCEB81}.Release|x64.ActiveCfg = Release|Any CPU
		{9E853459-D749-43E2-B82A-2C61DADCEB81}.Release|x64.Build.0 = Release|Any CPU
		{9E853459-D749-43E2-B82A-2C61DADCEB81}.Release|x86.ActiveCfg = Release|Any CPU
		{9E853459-D749-43E2-B82A-2C61DADCEB81}.Release|x86.Build.0 = Release|Any CPU
		{00D29671-DB75-44EC-926F-AA6837C21AD7}.Debug|Any CPU.ActiveCfg = Debug|Any CPU
		{00D29671-DB75-44EC-926F-AA6837C21AD7}.Debug|Any CPU.Build.0 = Debug|Any CPU
		{00D29671-DB75-44EC-926F-AA6837C21AD7}.Debug|x64.ActiveCfg = Debug|Any CPU
		{00D29671-DB75-44EC-926F-AA6837C21AD7}.Debug|x64.Build.0 = Debug|Any CPU
		{00D29671-DB75-44EC-926F-AA6837C21AD7}.Debug|x86.ActiveCfg = Debug|Any CPU
		{00D29671-DB75-44EC-926F-AA6837C21AD7}.Debug|x86.Build.0 = Debug|Any CPU
		{00D29671-DB75-44EC-926F-AA6837C21AD7}.Release|Any CPU.ActiveCfg = Release|Any CPU
		{00D29671-DB75-44EC-926F-AA6837C21AD7}.Release|Any CPU.Build.0 = Release|Any CPU
		{00D29671-DB75-44EC-926F-AA6837C21AD7}.Release|x64.ActiveCfg = Release|Any CPU
		{00D29671-DB75-44EC-926F-AA6837C21AD7}.Release|x64.Build.0 = Release|Any CPU
		{00D29671-DB75-44EC-926F-AA6837C21AD7}.Release|x86.ActiveCfg = Release|Any CPU
		{00D29671-DB75-44EC-926F-AA6837C21AD7}.Release|x86.Build.0 = Release|Any CPU
		{4758CA17-C441-4863-A234-F045ADD35958}.Debug|Any CPU.ActiveCfg = Debug|Any CPU
		{4758CA17-C441-4863-A234-F045ADD35958}.Debug|Any CPU.Build.0 = Debug|Any CPU
		{4758CA17-C441-4863-A234-F045ADD35958}.Debug|x64.ActiveCfg = Debug|Any CPU
		{4758CA17-C441-4863-A234-F045ADD35958}.Debug|x64.Build.0 = Debug|Any CPU
		{4758CA17-C441-4863-A234-F045ADD35958}.Debug|x86.ActiveCfg = Debug|Any CPU
		{4758CA17-C441-4863-A234-F045ADD35958}.Debug|x86.Build.0 = Debug|Any CPU
		{4758CA17-C441-4863-A234-F045ADD35958}.Release|Any CPU.ActiveCfg = Release|Any CPU
		{4758CA17-C441-4863-A234-F045ADD35958}.Release|Any CPU.Build.0 = Release|Any CPU
		{4758CA17-C441-4863-A234-F045ADD35958}.Release|x64.ActiveCfg = Release|Any CPU
		{4758CA17-C441-4863-A234-F045ADD35958}.Release|x64.Build.0 = Release|Any CPU
		{4758CA17-C441-4863-A234-F045ADD35958}.Release|x86.ActiveCfg = Release|Any CPU
		{4758CA17-C441-4863-A234-F045ADD35958}.Release|x86.Build.0 = Release|Any CPU
		{8BBF05BD-9881-48B3-99D2-C831913A35E0}.Debug|Any CPU.ActiveCfg = Debug|Any CPU
		{8BBF05BD-9881-48B3-99D2-C831913A35E0}.Debug|Any CPU.Build.0 = Debug|Any CPU
		{8BBF05BD-9881-48B3-99D2-C831913A35E0}.Debug|x64.ActiveCfg = Debug|Any CPU
		{8BBF05BD-9881-48B3-99D2-C831913A35E0}.Debug|x64.Build.0 = Debug|Any CPU
		{8BBF05BD-9881-48B3-99D2-C831913A35E0}.Debug|x86.ActiveCfg = Debug|Any CPU
		{8BBF05BD-9881-48B3-99D2-C831913A35E0}.Debug|x86.Build.0 = Debug|Any CPU
		{8BBF05BD-9881-48B3-99D2-C831913A35E0}.Release|Any CPU.ActiveCfg = Release|Any CPU
		{8BBF05BD-9881-48B3-99D2-C831913A35E0}.Release|Any CPU.Build.0 = Release|Any CPU
		{8BBF05BD-9881-48B3-99D2-C831913A35E0}.Release|x64.ActiveCfg = Release|Any CPU
		{8BBF05BD-9881-48B3-99D2-C831913A35E0}.Release|x64.Build.0 = Release|Any CPU
		{8BBF05BD-9881-48B3-99D2-C831913A35E0}.Release|x86.ActiveCfg = Release|Any CPU
		{8BBF05BD-9881-48B3-99D2-C831913A35E0}.Release|x86.Build.0 = Release|Any CPU
		{EE278C49-FC6B-4552-8E06-900DBC5EA031}.Debug|Any CPU.ActiveCfg = Debug|Any CPU
		{EE278C49-FC6B-4552-8E06-900DBC5EA031}.Debug|Any CPU.Build.0 = Debug|Any CPU
		{EE278C49-FC6B-4552-8E06-900DBC5EA031}.Debug|x64.ActiveCfg = Debug|Any CPU
		{EE278C49-FC6B-4552-8E06-900DBC5EA031}.Debug|x64.Build.0 = Debug|Any CPU
		{EE278C49-FC6B-4552-8E06-900DBC5EA031}.Debug|x86.ActiveCfg = Debug|Any CPU
		{EE278C49-FC6B-4552-8E06-900DBC5EA031}.Debug|x86.Build.0 = Debug|Any CPU
		{EE278C49-FC6B-4552-8E06-900DBC5EA031}.Release|Any CPU.ActiveCfg = Release|Any CPU
		{EE278C49-FC6B-4552-8E06-900DBC5EA031}.Release|Any CPU.Build.0 = Release|Any CPU
		{EE278C49-FC6B-4552-8E06-900DBC5EA031}.Release|x64.ActiveCfg = Release|Any CPU
		{EE278C49-FC6B-4552-8E06-900DBC5EA031}.Release|x64.Build.0 = Release|Any CPU
		{EE278C49-FC6B-4552-8E06-900DBC5EA031}.Release|x86.ActiveCfg = Release|Any CPU
		{EE278C49-FC6B-4552-8E06-900DBC5EA031}.Release|x86.Build.0 = Release|Any CPU
		{28F836D2-803A-4C85-AAD3-56159868B00B}.Debug|Any CPU.ActiveCfg = Debug|Any CPU
		{28F836D2-803A-4C85-AAD3-56159868B00B}.Debug|Any CPU.Build.0 = Debug|Any CPU
		{28F836D2-803A-4C85-AAD3-56159868B00B}.Debug|x64.ActiveCfg = Debug|Any CPU
		{28F836D2-803A-4C85-AAD3-56159868B00B}.Debug|x64.Build.0 = Debug|Any CPU
		{28F836D2-803A-4C85-AAD3-56159868B00B}.Debug|x86.ActiveCfg = Debug|Any CPU
		{28F836D2-803A-4C85-AAD3-56159868B00B}.Debug|x86.Build.0 = Debug|Any CPU
		{28F836D2-803A-4C85-AAD3-56159868B00B}.Release|Any CPU.ActiveCfg = Release|Any CPU
		{28F836D2-803A-4C85-AAD3-56159868B00B}.Release|Any CPU.Build.0 = Release|Any CPU
		{28F836D2-803A-4C85-AAD3-56159868B00B}.Release|x64.ActiveCfg = Release|Any CPU
		{28F836D2-803A-4C85-AAD3-56159868B00B}.Release|x64.Build.0 = Release|Any CPU
		{28F836D2-803A-4C85-AAD3-56159868B00B}.Release|x86.ActiveCfg = Release|Any CPU
		{28F836D2-803A-4C85-AAD3-56159868B00B}.Release|x86.Build.0 = Release|Any CPU
		{C639C9DE-F54D-4611-99EC-28F99C75E2D3}.Debug|Any CPU.ActiveCfg = Debug|Any CPU
		{C639C9DE-F54D-4611-99EC-28F99C75E2D3}.Debug|Any CPU.Build.0 = Debug|Any CPU
		{C639C9DE-F54D-4611-99EC-28F99C75E2D3}.Debug|x64.ActiveCfg = Debug|Any CPU
		{C639C9DE-F54D-4611-99EC-28F99C75E2D3}.Debug|x64.Build.0 = Debug|Any CPU
		{C639C9DE-F54D-4611-99EC-28F99C75E2D3}.Debug|x86.ActiveCfg = Debug|Any CPU
		{C639C9DE-F54D-4611-99EC-28F99C75E2D3}.Debug|x86.Build.0 = Debug|Any CPU
		{C639C9DE-F54D-4611-99EC-28F99C75E2D3}.Release|Any CPU.ActiveCfg = Release|Any CPU
		{C639C9DE-F54D-4611-99EC-28F99C75E2D3}.Release|Any CPU.Build.0 = Release|Any CPU
		{C639C9DE-F54D-4611-99EC-28F99C75E2D3}.Release|x64.ActiveCfg = Release|Any CPU
		{C639C9DE-F54D-4611-99EC-28F99C75E2D3}.Release|x64.Build.0 = Release|Any CPU
		{C639C9DE-F54D-4611-99EC-28F99C75E2D3}.Release|x86.ActiveCfg = Release|Any CPU
		{C639C9DE-F54D-4611-99EC-28F99C75E2D3}.Release|x86.Build.0 = Release|Any CPU
		{1ED8F55A-8167-419F-9549-7F5631FEF8C0}.Debug|Any CPU.ActiveCfg = Debug|Any CPU
		{1ED8F55A-8167-419F-9549-7F5631FEF8C0}.Debug|Any CPU.Build.0 = Debug|Any CPU
		{1ED8F55A-8167-419F-9549-7F5631FEF8C0}.Debug|x64.ActiveCfg = Debug|Any CPU
		{1ED8F55A-8167-419F-9549-7F5631FEF8C0}.Debug|x64.Build.0 = Debug|Any CPU
		{1ED8F55A-8167-419F-9549-7F5631FEF8C0}.Debug|x86.ActiveCfg = Debug|Any CPU
		{1ED8F55A-8167-419F-9549-7F5631FEF8C0}.Debug|x86.Build.0 = Debug|Any CPU
		{1ED8F55A-8167-419F-9549-7F5631FEF8C0}.Release|Any CPU.ActiveCfg = Release|Any CPU
		{1ED8F55A-8167-419F-9549-7F5631FEF8C0}.Release|Any CPU.Build.0 = Release|Any CPU
		{1ED8F55A-8167-419F-9549-7F5631FEF8C0}.Release|x64.ActiveCfg = Release|Any CPU
		{1ED8F55A-8167-419F-9549-7F5631FEF8C0}.Release|x64.Build.0 = Release|Any CPU
		{1ED8F55A-8167-419F-9549-7F5631FEF8C0}.Release|x86.ActiveCfg = Release|Any CPU
		{1ED8F55A-8167-419F-9549-7F5631FEF8C0}.Release|x86.Build.0 = Release|Any CPU
		{A4A47EBE-683D-4630-B441-C38899B161C8}.Debug|Any CPU.ActiveCfg = Debug|Any CPU
		{A4A47EBE-683D-4630-B441-C38899B161C8}.Debug|Any CPU.Build.0 = Debug|Any CPU
		{A4A47EBE-683D-4630-B441-C38899B161C8}.Debug|x64.ActiveCfg = Debug|Any CPU
		{A4A47EBE-683D-4630-B441-C38899B161C8}.Debug|x64.Build.0 = Debug|Any CPU
		{A4A47EBE-683D-4630-B441-C38899B161C8}.Debug|x86.ActiveCfg = Debug|Any CPU
		{A4A47EBE-683D-4630-B441-C38899B161C8}.Debug|x86.Build.0 = Debug|Any CPU
		{A4A47EBE-683D-4630-B441-C38899B161C8}.Release|Any CPU.ActiveCfg = Release|Any CPU
		{A4A47EBE-683D-4630-B441-C38899B161C8}.Release|Any CPU.Build.0 = Release|Any CPU
		{A4A47EBE-683D-4630-B441-C38899B161C8}.Release|x64.ActiveCfg = Release|Any CPU
		{A4A47EBE-683D-4630-B441-C38899B161C8}.Release|x64.Build.0 = Release|Any CPU
		{A4A47EBE-683D-4630-B441-C38899B161C8}.Release|x86.ActiveCfg = Release|Any CPU
		{A4A47EBE-683D-4630-B441-C38899B161C8}.Release|x86.Build.0 = Release|Any CPU
	EndGlobalSection
EndGlobal
