
Microsoft Visual Studio Solution File, Format Version 12.00
# Visual Studio Version 16
VisualStudioVersion = 16.0.29025.244
MinimumVisualStudioVersion = 15.0.26124.0
Project("{9A19103F-16F7-4668-BE54-9A1E7A4F7556}") = "lesson-01-hello-world", "lesson-01-hello-world\lesson-01-hello-world.csproj", "{CE9439BE-E8F6-4C37-856A-C6696B44C26B}"
EndProject
Project("{9A19103F-16F7-4668-BE54-9A1E7A4F7556}") = "lesson-02-data-types", "lesson-02-data-types\lesson-02-data-types.csproj", "{D8866B10-6CFB-43D7-B4E2-F4E2A28631FF}"
EndProject
Project("{9A19103F-16F7-4668-BE54-9A1E7A4F7556}") = "lesson-03-variables-and-calculations", "lesson-03-variables-and-calculations\lesson-03-variables-and-calculations.csproj", "{375B2450-9292-480A-A77B-2992F5B031FC}"
EndProject
Project("{9A19103F-16F7-4668-BE54-9A1E7A4F7556}") = "lesson-04-debugging", "lesson-04-debugging\lesson-04-debugging.csproj", "{5D1468DC-77EF-4918-9B65-1150AE804F3C}"
EndProject
Project("{9A19103F-16F7-4668-BE54-9A1E7A4F7556}") = "lesson-05-strings", "lesson-05-strings\lesson-05-strings.csproj", "{37AB8509-727A-40A0-9C72-FC582C0ABED3}"
EndProject
Project("{9A19103F-16F7-4668-BE54-9A1E7A4F7556}") = "lesson-06-date-time", "lesson-06-date-time\lesson-06-date-time.csproj", "{99BFBFA5-9EC4-4953-9A89-5233B4249B16}"
EndProject
Project("{9A19103F-16F7-4668-BE54-9A1E7A4F7556}") = "lesson-07-arrays-and-collections", "lesson-07-arrays-and-collections\lesson-07-arrays-and-collections.csproj", "{AB64889B-0CD0-48F4-9AC1-DA2C8F8D56AD}"
EndProject
Project("{9A19103F-16F7-4668-BE54-9A1E7A4F7556}") = "lesson-08-enums-and-structs", "lesson-08-enums-and-structs\lesson-08-enums-and-structs.csproj", "{6BA0CB13-1709-4B54-8A7C-D8F6152C0FE6}"
EndProject
Project("{9A19103F-16F7-4668-BE54-9A1E7A4F7556}") = "lesson-09-making-choices", "lesson-09-making-choices\lesson-09-making-choices.csproj", "{1FDCAD69-4485-42F0-BB2E-AB4864CFB59E}"
EndProject
Project("{9A19103F-16F7-4668-BE54-9A1E7A4F7556}") = "lesson-10-repeating-program-steps", "lesson-10-repeating-program-steps\lesson-10-repeating-program-steps.csproj", "{E0A0DDB8-19AF-4E98-A59B-6B872112269F}"
EndProject
Project("{9A19103F-16F7-4668-BE54-9A1E7A4F7556}") = "lesson-11-reusing-code-with-methods", "lesson-11-reusing-code-with-methods\lesson-11-reusing-code-with-methods.csproj", "{118E0795-599D-4599-A620-E2556CADD185}"
EndProject
Project("{9A19103F-16F7-4668-BE54-9A1E7A4F7556}") = "lesson-12-handling-errors", "lesson-12-handling-errors\lesson-12-handling-errors.csproj", "{0DCEE3C4-0A2D-4E4D-A09E-BD3868444E4C}"
EndProject
Project("{9A19103F-16F7-4668-BE54-9A1E7A4F7556}") = "lesson-13-preventing-bugs", "lesson-13-preventing-bugs\lesson-13-preventing-bugs.csproj", "{67135757-9C8E-40FC-8EE4-834D142F2F07}"
EndProject
Project("{9A19103F-16F7-4668-BE54-9A1E7A4F7556}") = "lesson-14-defining-classes", "lesson-14-defining-classes\lesson-14-defining-classes.csproj", "{6FA7CB53-929E-4C81-A027-05A1EBDD4F9A}"
EndProject
Project("{9A19103F-16F7-4668-BE54-9A1E7A4F7556}") = "lesson-15-initializing-objects", "lesson-15-initializing-objects\lesson-15-initializing-objects.csproj", "{AD92095E-3B58-4E6A-9207-E2F8FC841FAD}"
EndProject
Project("{9A19103F-16F7-4668-BE54-9A1E7A4F7556}") = "lesson-17-overloading-operators", "lesson-17-overloading-operators\lesson-17-overloading-operators.csproj", "{8969503F-EA92-4729-9A1A-1E7CDB072929}"
EndProject
Project("{9A19103F-16F7-4668-BE54-9A1E7A4F7556}") = "lesson-18-using-interfaces", "lesson-18-using-interfaces\lesson-18-using-interfaces.csproj", "{114B678B-E6F4-4248-A797-A389140E8664}"
EndProject
Project("{FAE04EC0-301F-11D3-BF4B-00C04F79EFBC}") = "lesson-19-making-generic-classes", "lesson-19-making-generic-classes\lesson-19-making-generic-classes.csproj", "{D6F7A1A7-7D3D-4CEC-B5D0-1925480AFB64}"
EndProject
Project("{9A19103F-16F7-4668-BE54-9A1E7A4F7556}") = "lesson-20-linq", "lesson-20-linq\lesson-20-linq.csproj", "{0197EF48-D2D1-4E07-AA2D-73DD50CECF24}"
EndProject
Project("{9A19103F-16F7-4668-BE54-9A1E7A4F7556}") = "lesson-16-switches", "lesson-16-switches\lesson-16-switches.csproj", "{0455A785-0D43-4C0D-B602-ECABF45B16A7}"
EndProject
Project("{9A19103F-16F7-4668-BE54-9A1E7A4F7556}") = "lesson-21-extra-dotnetcore-gui", "lesson-21-extra-dotnetcore-gui\lesson-21-extra-dotnetcore-gui.csproj", "{59BCF628-D725-4019-8DE5-BD16DC566396}"
EndProject
Project("{FAE04EC0-301F-11D3-BF4B-00C04F79EFBC}") = "XamarinExtra.Android", "XamarinExtra\XamarinExtra.Android\XamarinExtra.Android.csproj", "{240F47F6-3CDE-44AC-9FDE-EA55E00EC8FF}"
EndProject
Project("{FAE04EC0-301F-11D3-BF4B-00C04F79EFBC}") = "XamarinExtra.iOS", "XamarinExtra\XamarinExtra.iOS\XamarinExtra.iOS.csproj", "{089C9614-59F5-4684-9DAC-91D5186C2FD6}"
EndProject
Project("{FAE04EC0-301F-11D3-BF4B-00C04F79EFBC}") = "XamarinExtra", "XamarinExtra\XamarinExtra\XamarinExtra.csproj", "{46FFD520-3DE0-4854-9C40-DC1D51A68B71}"
EndProject
Global
	GlobalSection(SolutionConfigurationPlatforms) = preSolution
		Debug|Any CPU = Debug|Any CPU
		Debug|iPhone = Debug|iPhone
		Debug|iPhoneSimulator = Debug|iPhoneSimulator
		Debug|x64 = Debug|x64
		Debug|x86 = Debug|x86
		Release|Any CPU = Release|Any CPU
		Release|iPhone = Release|iPhone
		Release|iPhoneSimulator = Release|iPhoneSimulator
		Release|x64 = Release|x64
		Release|x86 = Release|x86
	EndGlobalSection
	GlobalSection(ProjectConfigurationPlatforms) = postSolution
		{CE9439BE-E8F6-4C37-856A-C6696B44C26B}.Debug|Any CPU.ActiveCfg = Debug|Any CPU
		{CE9439BE-E8F6-4C37-856A-C6696B44C26B}.Debug|Any CPU.Build.0 = Debug|Any CPU
		{CE9439BE-E8F6-4C37-856A-C6696B44C26B}.Debug|iPhone.ActiveCfg = Debug|Any CPU
		{CE9439BE-E8F6-4C37-856A-C6696B44C26B}.Debug|iPhone.Build.0 = Debug|Any CPU
		{CE9439BE-E8F6-4C37-856A-C6696B44C26B}.Debug|iPhoneSimulator.ActiveCfg = Debug|Any CPU
		{CE9439BE-E8F6-4C37-856A-C6696B44C26B}.Debug|iPhoneSimulator.Build.0 = Debug|Any CPU
		{CE9439BE-E8F6-4C37-856A-C6696B44C26B}.Debug|x64.ActiveCfg = Debug|Any CPU
		{CE9439BE-E8F6-4C37-856A-C6696B44C26B}.Debug|x64.Build.0 = Debug|Any CPU
		{CE9439BE-E8F6-4C37-856A-C6696B44C26B}.Debug|x86.ActiveCfg = Debug|Any CPU
		{CE9439BE-E8F6-4C37-856A-C6696B44C26B}.Debug|x86.Build.0 = Debug|Any CPU
		{CE9439BE-E8F6-4C37-856A-C6696B44C26B}.Release|Any CPU.ActiveCfg = Release|Any CPU
		{CE9439BE-E8F6-4C37-856A-C6696B44C26B}.Release|Any CPU.Build.0 = Release|Any CPU
		{CE9439BE-E8F6-4C37-856A-C6696B44C26B}.Release|iPhone.ActiveCfg = Release|Any CPU
		{CE9439BE-E8F6-4C37-856A-C6696B44C26B}.Release|iPhone.Build.0 = Release|Any CPU
		{CE9439BE-E8F6-4C37-856A-C6696B44C26B}.Release|iPhoneSimulator.ActiveCfg = Release|Any CPU
		{CE9439BE-E8F6-4C37-856A-C6696B44C26B}.Release|iPhoneSimulator.Build.0 = Release|Any CPU
		{CE9439BE-E8F6-4C37-856A-C6696B44C26B}.Release|x64.ActiveCfg = Release|Any CPU
		{CE9439BE-E8F6-4C37-856A-C6696B44C26B}.Release|x64.Build.0 = Release|Any CPU
		{CE9439BE-E8F6-4C37-856A-C6696B44C26B}.Release|x86.ActiveCfg = Release|Any CPU
		{CE9439BE-E8F6-4C37-856A-C6696B44C26B}.Release|x86.Build.0 = Release|Any CPU
		{D8866B10-6CFB-43D7-B4E2-F4E2A28631FF}.Debug|Any CPU.ActiveCfg = Debug|Any CPU
		{D8866B10-6CFB-43D7-B4E2-F4E2A28631FF}.Debug|Any CPU.Build.0 = Debug|Any CPU
		{D8866B10-6CFB-43D7-B4E2-F4E2A28631FF}.Debug|iPhone.ActiveCfg = Debug|Any CPU
		{D8866B10-6CFB-43D7-B4E2-F4E2A28631FF}.Debug|iPhone.Build.0 = Debug|Any CPU
		{D8866B10-6CFB-43D7-B4E2-F4E2A28631FF}.Debug|iPhoneSimulator.ActiveCfg = Debug|Any CPU
		{D8866B10-6CFB-43D7-B4E2-F4E2A28631FF}.Debug|iPhoneSimulator.Build.0 = Debug|Any CPU
		{D8866B10-6CFB-43D7-B4E2-F4E2A28631FF}.Debug|x64.ActiveCfg = Debug|Any CPU
		{D8866B10-6CFB-43D7-B4E2-F4E2A28631FF}.Debug|x64.Build.0 = Debug|Any CPU
		{D8866B10-6CFB-43D7-B4E2-F4E2A28631FF}.Debug|x86.ActiveCfg = Debug|Any CPU
		{D8866B10-6CFB-43D7-B4E2-F4E2A28631FF}.Debug|x86.Build.0 = Debug|Any CPU
		{D8866B10-6CFB-43D7-B4E2-F4E2A28631FF}.Release|Any CPU.ActiveCfg = Release|Any CPU
		{D8866B10-6CFB-43D7-B4E2-F4E2A28631FF}.Release|Any CPU.Build.0 = Release|Any CPU
		{D8866B10-6CFB-43D7-B4E2-F4E2A28631FF}.Release|iPhone.ActiveCfg = Release|Any CPU
		{D8866B10-6CFB-43D7-B4E2-F4E2A28631FF}.Release|iPhone.Build.0 = Release|Any CPU
		{D8866B10-6CFB-43D7-B4E2-F4E2A28631FF}.Release|iPhoneSimulator.ActiveCfg = Release|Any CPU
		{D8866B10-6CFB-43D7-B4E2-F4E2A28631FF}.Release|iPhoneSimulator.Build.0 = Release|Any CPU
		{D8866B10-6CFB-43D7-B4E2-F4E2A28631FF}.Release|x64.ActiveCfg = Release|Any CPU
		{D8866B10-6CFB-43D7-B4E2-F4E2A28631FF}.Release|x64.Build.0 = Release|Any CPU
		{D8866B10-6CFB-43D7-B4E2-F4E2A28631FF}.Release|x86.ActiveCfg = Release|Any CPU
		{D8866B10-6CFB-43D7-B4E2-F4E2A28631FF}.Release|x86.Build.0 = Release|Any CPU
		{375B2450-9292-480A-A77B-2992F5B031FC}.Debug|Any CPU.ActiveCfg = Debug|Any CPU
		{375B2450-9292-480A-A77B-2992F5B031FC}.Debug|Any CPU.Build.0 = Debug|Any CPU
		{375B2450-9292-480A-A77B-2992F5B031FC}.Debug|iPhone.ActiveCfg = Debug|Any CPU
		{375B2450-9292-480A-A77B-2992F5B031FC}.Debug|iPhone.Build.0 = Debug|Any CPU
		{375B2450-9292-480A-A77B-2992F5B031FC}.Debug|iPhoneSimulator.ActiveCfg = Debug|Any CPU
		{375B2450-9292-480A-A77B-2992F5B031FC}.Debug|iPhoneSimulator.Build.0 = Debug|Any CPU
		{375B2450-9292-480A-A77B-2992F5B031FC}.Debug|x64.ActiveCfg = Debug|Any CPU
		{375B2450-9292-480A-A77B-2992F5B031FC}.Debug|x64.Build.0 = Debug|Any CPU
		{375B2450-9292-480A-A77B-2992F5B031FC}.Debug|x86.ActiveCfg = Debug|Any CPU
		{375B2450-9292-480A-A77B-2992F5B031FC}.Debug|x86.Build.0 = Debug|Any CPU
		{375B2450-9292-480A-A77B-2992F5B031FC}.Release|Any CPU.ActiveCfg = Release|Any CPU
		{375B2450-9292-480A-A77B-2992F5B031FC}.Release|Any CPU.Build.0 = Release|Any CPU
		{375B2450-9292-480A-A77B-2992F5B031FC}.Release|iPhone.ActiveCfg = Release|Any CPU
		{375B2450-9292-480A-A77B-2992F5B031FC}.Release|iPhone.Build.0 = Release|Any CPU
		{375B2450-9292-480A-A77B-2992F5B031FC}.Release|iPhoneSimulator.ActiveCfg = Release|Any CPU
		{375B2450-9292-480A-A77B-2992F5B031FC}.Release|iPhoneSimulator.Build.0 = Release|Any CPU
		{375B2450-9292-480A-A77B-2992F5B031FC}.Release|x64.ActiveCfg = Release|Any CPU
		{375B2450-9292-480A-A77B-2992F5B031FC}.Release|x64.Build.0 = Release|Any CPU
		{375B2450-9292-480A-A77B-2992F5B031FC}.Release|x86.ActiveCfg = Release|Any CPU
		{375B2450-9292-480A-A77B-2992F5B031FC}.Release|x86.Build.0 = Release|Any CPU
		{5D1468DC-77EF-4918-9B65-1150AE804F3C}.Debug|Any CPU.ActiveCfg = Debug|Any CPU
		{5D1468DC-77EF-4918-9B65-1150AE804F3C}.Debug|Any CPU.Build.0 = Debug|Any CPU
		{5D1468DC-77EF-4918-9B65-1150AE804F3C}.Debug|iPhone.ActiveCfg = Debug|Any CPU
		{5D1468DC-77EF-4918-9B65-1150AE804F3C}.Debug|iPhone.Build.0 = Debug|Any CPU
		{5D1468DC-77EF-4918-9B65-1150AE804F3C}.Debug|iPhoneSimulator.ActiveCfg = Debug|Any CPU
		{5D1468DC-77EF-4918-9B65-1150AE804F3C}.Debug|iPhoneSimulator.Build.0 = Debug|Any CPU
		{5D1468DC-77EF-4918-9B65-1150AE804F3C}.Debug|x64.ActiveCfg = Debug|Any CPU
		{5D1468DC-77EF-4918-9B65-1150AE804F3C}.Debug|x64.Build.0 = Debug|Any CPU
		{5D1468DC-77EF-4918-9B65-1150AE804F3C}.Debug|x86.ActiveCfg = Debug|Any CPU
		{5D1468DC-77EF-4918-9B65-1150AE804F3C}.Debug|x86.Build.0 = Debug|Any CPU
		{5D1468DC-77EF-4918-9B65-1150AE804F3C}.Release|Any CPU.ActiveCfg = Release|Any CPU
		{5D1468DC-77EF-4918-9B65-1150AE804F3C}.Release|Any CPU.Build.0 = Release|Any CPU
		{5D1468DC-77EF-4918-9B65-1150AE804F3C}.Release|iPhone.ActiveCfg = Release|Any CPU
		{5D1468DC-77EF-4918-9B65-1150AE804F3C}.Release|iPhone.Build.0 = Release|Any CPU
		{5D1468DC-77EF-4918-9B65-1150AE804F3C}.Release|iPhoneSimulator.ActiveCfg = Release|Any CPU
		{5D1468DC-77EF-4918-9B65-1150AE804F3C}.Release|iPhoneSimulator.Build.0 = Release|Any CPU
		{5D1468DC-77EF-4918-9B65-1150AE804F3C}.Release|x64.ActiveCfg = Release|Any CPU
		{5D1468DC-77EF-4918-9B65-1150AE804F3C}.Release|x64.Build.0 = Release|Any CPU
		{5D1468DC-77EF-4918-9B65-1150AE804F3C}.Release|x86.ActiveCfg = Release|Any CPU
		{5D1468DC-77EF-4918-9B65-1150AE804F3C}.Release|x86.Build.0 = Release|Any CPU
		{37AB8509-727A-40A0-9C72-FC582C0ABED3}.Debug|Any CPU.ActiveCfg = Debug|Any CPU
		{37AB8509-727A-40A0-9C72-FC582C0ABED3}.Debug|Any CPU.Build.0 = Debug|Any CPU
		{37AB8509-727A-40A0-9C72-FC582C0ABED3}.Debug|iPhone.ActiveCfg = Debug|Any CPU
		{37AB8509-727A-40A0-9C72-FC582C0ABED3}.Debug|iPhone.Build.0 = Debug|Any CPU
		{37AB8509-727A-40A0-9C72-FC582C0ABED3}.Debug|iPhoneSimulator.ActiveCfg = Debug|Any CPU
		{37AB8509-727A-40A0-9C72-FC582C0ABED3}.Debug|iPhoneSimulator.Build.0 = Debug|Any CPU
		{37AB8509-727A-40A0-9C72-FC582C0ABED3}.Debug|x64.ActiveCfg = Debug|Any CPU
		{37AB8509-727A-40A0-9C72-FC582C0ABED3}.Debug|x64.Build.0 = Debug|Any CPU
		{37AB8509-727A-40A0-9C72-FC582C0ABED3}.Debug|x86.ActiveCfg = Debug|Any CPU
		{37AB8509-727A-40A0-9C72-FC582C0ABED3}.Debug|x86.Build.0 = Debug|Any CPU
		{37AB8509-727A-40A0-9C72-FC582C0ABED3}.Release|Any CPU.ActiveCfg = Release|Any CPU
		{37AB8509-727A-40A0-9C72-FC582C0ABED3}.Release|Any CPU.Build.0 = Release|Any CPU
		{37AB8509-727A-40A0-9C72-FC582C0ABED3}.Release|iPhone.ActiveCfg = Release|Any CPU
		{37AB8509-727A-40A0-9C72-FC582C0ABED3}.Release|iPhone.Build.0 = Release|Any CPU
		{37AB8509-727A-40A0-9C72-FC582C0ABED3}.Release|iPhoneSimulator.ActiveCfg = Release|Any CPU
		{37AB8509-727A-40A0-9C72-FC582C0ABED3}.Release|iPhoneSimulator.Build.0 = Release|Any CPU
		{37AB8509-727A-40A0-9C72-FC582C0ABED3}.Release|x64.ActiveCfg = Release|Any CPU
		{37AB8509-727A-40A0-9C72-FC582C0ABED3}.Release|x64.Build.0 = Release|Any CPU
		{37AB8509-727A-40A0-9C72-FC582C0ABED3}.Release|x86.ActiveCfg = Release|Any CPU
		{37AB8509-727A-40A0-9C72-FC582C0ABED3}.Release|x86.Build.0 = Release|Any CPU
		{99BFBFA5-9EC4-4953-9A89-5233B4249B16}.Debug|Any CPU.ActiveCfg = Debug|Any CPU
		{99BFBFA5-9EC4-4953-9A89-5233B4249B16}.Debug|Any CPU.Build.0 = Debug|Any CPU
		{99BFBFA5-9EC4-4953-9A89-5233B4249B16}.Debug|iPhone.ActiveCfg = Debug|Any CPU
		{99BFBFA5-9EC4-4953-9A89-5233B4249B16}.Debug|iPhone.Build.0 = Debug|Any CPU
		{99BFBFA5-9EC4-4953-9A89-5233B4249B16}.Debug|iPhoneSimulator.ActiveCfg = Debug|Any CPU
		{99BFBFA5-9EC4-4953-9A89-5233B4249B16}.Debug|iPhoneSimulator.Build.0 = Debug|Any CPU
		{99BFBFA5-9EC4-4953-9A89-5233B4249B16}.Debug|x64.ActiveCfg = Debug|Any CPU
		{99BFBFA5-9EC4-4953-9A89-5233B4249B16}.Debug|x64.Build.0 = Debug|Any CPU
		{99BFBFA5-9EC4-4953-9A89-5233B4249B16}.Debug|x86.ActiveCfg = Debug|Any CPU
		{99BFBFA5-9EC4-4953-9A89-5233B4249B16}.Debug|x86.Build.0 = Debug|Any CPU
		{99BFBFA5-9EC4-4953-9A89-5233B4249B16}.Release|Any CPU.ActiveCfg = Release|Any CPU
		{99BFBFA5-9EC4-4953-9A89-5233B4249B16}.Release|Any CPU.Build.0 = Release|Any CPU
		{99BFBFA5-9EC4-4953-9A89-5233B4249B16}.Release|iPhone.ActiveCfg = Release|Any CPU
		{99BFBFA5-9EC4-4953-9A89-5233B4249B16}.Release|iPhone.Build.0 = Release|Any CPU
		{99BFBFA5-9EC4-4953-9A89-5233B4249B16}.Release|iPhoneSimulator.ActiveCfg = Release|Any CPU
		{99BFBFA5-9EC4-4953-9A89-5233B4249B16}.Release|iPhoneSimulator.Build.0 = Release|Any CPU
		{99BFBFA5-9EC4-4953-9A89-5233B4249B16}.Release|x64.ActiveCfg = Release|Any CPU
		{99BFBFA5-9EC4-4953-9A89-5233B4249B16}.Release|x64.Build.0 = Release|Any CPU
		{99BFBFA5-9EC4-4953-9A89-5233B4249B16}.Release|x86.ActiveCfg = Release|Any CPU
		{99BFBFA5-9EC4-4953-9A89-5233B4249B16}.Release|x86.Build.0 = Release|Any CPU
		{AB64889B-0CD0-48F4-9AC1-DA2C8F8D56AD}.Debug|Any CPU.ActiveCfg = Debug|Any CPU
		{AB64889B-0CD0-48F4-9AC1-DA2C8F8D56AD}.Debug|Any CPU.Build.0 = Debug|Any CPU
		{AB64889B-0CD0-48F4-9AC1-DA2C8F8D56AD}.Debug|iPhone.ActiveCfg = Debug|Any CPU
		{AB64889B-0CD0-48F4-9AC1-DA2C8F8D56AD}.Debug|iPhone.Build.0 = Debug|Any CPU
		{AB64889B-0CD0-48F4-9AC1-DA2C8F8D56AD}.Debug|iPhoneSimulator.ActiveCfg = Debug|Any CPU
		{AB64889B-0CD0-48F4-9AC1-DA2C8F8D56AD}.Debug|iPhoneSimulator.Build.0 = Debug|Any CPU
		{AB64889B-0CD0-48F4-9AC1-DA2C8F8D56AD}.Debug|x64.ActiveCfg = Debug|Any CPU
		{AB64889B-0CD0-48F4-9AC1-DA2C8F8D56AD}.Debug|x64.Build.0 = Debug|Any CPU
		{AB64889B-0CD0-48F4-9AC1-DA2C8F8D56AD}.Debug|x86.ActiveCfg = Debug|Any CPU
		{AB64889B-0CD0-48F4-9AC1-DA2C8F8D56AD}.Debug|x86.Build.0 = Debug|Any CPU
		{AB64889B-0CD0-48F4-9AC1-DA2C8F8D56AD}.Release|Any CPU.ActiveCfg = Release|Any CPU
		{AB64889B-0CD0-48F4-9AC1-DA2C8F8D56AD}.Release|Any CPU.Build.0 = Release|Any CPU
		{AB64889B-0CD0-48F4-9AC1-DA2C8F8D56AD}.Release|iPhone.ActiveCfg = Release|Any CPU
		{AB64889B-0CD0-48F4-9AC1-DA2C8F8D56AD}.Release|iPhone.Build.0 = Release|Any CPU
		{AB64889B-0CD0-48F4-9AC1-DA2C8F8D56AD}.Release|iPhoneSimulator.ActiveCfg = Release|Any CPU
		{AB64889B-0CD0-48F4-9AC1-DA2C8F8D56AD}.Release|iPhoneSimulator.Build.0 = Release|Any CPU
		{AB64889B-0CD0-48F4-9AC1-DA2C8F8D56AD}.Release|x64.ActiveCfg = Release|Any CPU
		{AB64889B-0CD0-48F4-9AC1-DA2C8F8D56AD}.Release|x64.Build.0 = Release|Any CPU
		{AB64889B-0CD0-48F4-9AC1-DA2C8F8D56AD}.Release|x86.ActiveCfg = Release|Any CPU
		{AB64889B-0CD0-48F4-9AC1-DA2C8F8D56AD}.Release|x86.Build.0 = Release|Any CPU
		{6BA0CB13-1709-4B54-8A7C-D8F6152C0FE6}.Debug|Any CPU.ActiveCfg = Debug|Any CPU
		{6BA0CB13-1709-4B54-8A7C-D8F6152C0FE6}.Debug|Any CPU.Build.0 = Debug|Any CPU
		{6BA0CB13-1709-4B54-8A7C-D8F6152C0FE6}.Debug|iPhone.ActiveCfg = Debug|Any CPU
		{6BA0CB13-1709-4B54-8A7C-D8F6152C0FE6}.Debug|iPhone.Build.0 = Debug|Any CPU
		{6BA0CB13-1709-4B54-8A7C-D8F6152C0FE6}.Debug|iPhoneSimulator.ActiveCfg = Debug|Any CPU
		{6BA0CB13-1709-4B54-8A7C-D8F6152C0FE6}.Debug|iPhoneSimulator.Build.0 = Debug|Any CPU
		{6BA0CB13-1709-4B54-8A7C-D8F6152C0FE6}.Debug|x64.ActiveCfg = Debug|Any CPU
		{6BA0CB13-1709-4B54-8A7C-D8F6152C0FE6}.Debug|x64.Build.0 = Debug|Any CPU
		{6BA0CB13-1709-4B54-8A7C-D8F6152C0FE6}.Debug|x86.ActiveCfg = Debug|Any CPU
		{6BA0CB13-1709-4B54-8A7C-D8F6152C0FE6}.Debug|x86.Build.0 = Debug|Any CPU
		{6BA0CB13-1709-4B54-8A7C-D8F6152C0FE6}.Release|Any CPU.ActiveCfg = Release|Any CPU
		{6BA0CB13-1709-4B54-8A7C-D8F6152C0FE6}.Release|Any CPU.Build.0 = Release|Any CPU
		{6BA0CB13-1709-4B54-8A7C-D8F6152C0FE6}.Release|iPhone.ActiveCfg = Release|Any CPU
		{6BA0CB13-1709-4B54-8A7C-D8F6152C0FE6}.Release|iPhone.Build.0 = Release|Any CPU
		{6BA0CB13-1709-4B54-8A7C-D8F6152C0FE6}.Release|iPhoneSimulator.ActiveCfg = Release|Any CPU
		{6BA0CB13-1709-4B54-8A7C-D8F6152C0FE6}.Release|iPhoneSimulator.Build.0 = Release|Any CPU
		{6BA0CB13-1709-4B54-8A7C-D8F6152C0FE6}.Release|x64.ActiveCfg = Release|Any CPU
		{6BA0CB13-1709-4B54-8A7C-D8F6152C0FE6}.Release|x64.Build.0 = Release|Any CPU
		{6BA0CB13-1709-4B54-8A7C-D8F6152C0FE6}.Release|x86.ActiveCfg = Release|Any CPU
		{6BA0CB13-1709-4B54-8A7C-D8F6152C0FE6}.Release|x86.Build.0 = Release|Any CPU
		{1FDCAD69-4485-42F0-BB2E-AB4864CFB59E}.Debug|Any CPU.ActiveCfg = Debug|Any CPU
		{1FDCAD69-4485-42F0-BB2E-AB4864CFB59E}.Debug|Any CPU.Build.0 = Debug|Any CPU
		{1FDCAD69-4485-42F0-BB2E-AB4864CFB59E}.Debug|iPhone.ActiveCfg = Debug|Any CPU
		{1FDCAD69-4485-42F0-BB2E-AB4864CFB59E}.Debug|iPhone.Build.0 = Debug|Any CPU
		{1FDCAD69-4485-42F0-BB2E-AB4864CFB59E}.Debug|iPhoneSimulator.ActiveCfg = Debug|Any CPU
		{1FDCAD69-4485-42F0-BB2E-AB4864CFB59E}.Debug|iPhoneSimulator.Build.0 = Debug|Any CPU
		{1FDCAD69-4485-42F0-BB2E-AB4864CFB59E}.Debug|x64.ActiveCfg = Debug|Any CPU
		{1FDCAD69-4485-42F0-BB2E-AB4864CFB59E}.Debug|x64.Build.0 = Debug|Any CPU
		{1FDCAD69-4485-42F0-BB2E-AB4864CFB59E}.Debug|x86.ActiveCfg = Debug|Any CPU
		{1FDCAD69-4485-42F0-BB2E-AB4864CFB59E}.Debug|x86.Build.0 = Debug|Any CPU
		{1FDCAD69-4485-42F0-BB2E-AB4864CFB59E}.Release|Any CPU.ActiveCfg = Release|Any CPU
		{1FDCAD69-4485-42F0-BB2E-AB4864CFB59E}.Release|Any CPU.Build.0 = Release|Any CPU
		{1FDCAD69-4485-42F0-BB2E-AB4864CFB59E}.Release|iPhone.ActiveCfg = Release|Any CPU
		{1FDCAD69-4485-42F0-BB2E-AB4864CFB59E}.Release|iPhone.Build.0 = Release|Any CPU
		{1FDCAD69-4485-42F0-BB2E-AB4864CFB59E}.Release|iPhoneSimulator.ActiveCfg = Release|Any CPU
		{1FDCAD69-4485-42F0-BB2E-AB4864CFB59E}.Release|iPhoneSimulator.Build.0 = Release|Any CPU
		{1FDCAD69-4485-42F0-BB2E-AB4864CFB59E}.Release|x64.ActiveCfg = Release|Any CPU
		{1FDCAD69-4485-42F0-BB2E-AB4864CFB59E}.Release|x64.Build.0 = Release|Any CPU
		{1FDCAD69-4485-42F0-BB2E-AB4864CFB59E}.Release|x86.ActiveCfg = Release|Any CPU
		{1FDCAD69-4485-42F0-BB2E-AB4864CFB59E}.Release|x86.Build.0 = Release|Any CPU
		{E0A0DDB8-19AF-4E98-A59B-6B872112269F}.Debug|Any CPU.ActiveCfg = Debug|Any CPU
		{E0A0DDB8-19AF-4E98-A59B-6B872112269F}.Debug|Any CPU.Build.0 = Debug|Any CPU
		{E0A0DDB8-19AF-4E98-A59B-6B872112269F}.Debug|iPhone.ActiveCfg = Debug|Any CPU
		{E0A0DDB8-19AF-4E98-A59B-6B872112269F}.Debug|iPhone.Build.0 = Debug|Any CPU
		{E0A0DDB8-19AF-4E98-A59B-6B872112269F}.Debug|iPhoneSimulator.ActiveCfg = Debug|Any CPU
		{E0A0DDB8-19AF-4E98-A59B-6B872112269F}.Debug|iPhoneSimulator.Build.0 = Debug|Any CPU
		{E0A0DDB8-19AF-4E98-A59B-6B872112269F}.Debug|x64.ActiveCfg = Debug|Any CPU
		{E0A0DDB8-19AF-4E98-A59B-6B872112269F}.Debug|x64.Build.0 = Debug|Any CPU
		{E0A0DDB8-19AF-4E98-A59B-6B872112269F}.Debug|x86.ActiveCfg = Debug|Any CPU
		{E0A0DDB8-19AF-4E98-A59B-6B872112269F}.Debug|x86.Build.0 = Debug|Any CPU
		{E0A0DDB8-19AF-4E98-A59B-6B872112269F}.Release|Any CPU.ActiveCfg = Release|Any CPU
		{E0A0DDB8-19AF-4E98-A59B-6B872112269F}.Release|Any CPU.Build.0 = Release|Any CPU
		{E0A0DDB8-19AF-4E98-A59B-6B872112269F}.Release|iPhone.ActiveCfg = Release|Any CPU
		{E0A0DDB8-19AF-4E98-A59B-6B872112269F}.Release|iPhone.Build.0 = Release|Any CPU
		{E0A0DDB8-19AF-4E98-A59B-6B872112269F}.Release|iPhoneSimulator.ActiveCfg = Release|Any CPU
		{E0A0DDB8-19AF-4E98-A59B-6B872112269F}.Release|iPhoneSimulator.Build.0 = Release|Any CPU
		{E0A0DDB8-19AF-4E98-A59B-6B872112269F}.Release|x64.ActiveCfg = Release|Any CPU
		{E0A0DDB8-19AF-4E98-A59B-6B872112269F}.Release|x64.Build.0 = Release|Any CPU
		{E0A0DDB8-19AF-4E98-A59B-6B872112269F}.Release|x86.ActiveCfg = Release|Any CPU
		{E0A0DDB8-19AF-4E98-A59B-6B872112269F}.Release|x86.Build.0 = Release|Any CPU
		{118E0795-599D-4599-A620-E2556CADD185}.Debug|Any CPU.ActiveCfg = Debug|Any CPU
		{118E0795-599D-4599-A620-E2556CADD185}.Debug|Any CPU.Build.0 = Debug|Any CPU
		{118E0795-599D-4599-A620-E2556CADD185}.Debug|iPhone.ActiveCfg = Debug|Any CPU
		{118E0795-599D-4599-A620-E2556CADD185}.Debug|iPhone.Build.0 = Debug|Any CPU
		{118E0795-599D-4599-A620-E2556CADD185}.Debug|iPhoneSimulator.ActiveCfg = Debug|Any CPU
		{118E0795-599D-4599-A620-E2556CADD185}.Debug|iPhoneSimulator.Build.0 = Debug|Any CPU
		{118E0795-599D-4599-A620-E2556CADD185}.Debug|x64.ActiveCfg = Debug|Any CPU
		{118E0795-599D-4599-A620-E2556CADD185}.Debug|x64.Build.0 = Debug|Any CPU
		{118E0795-599D-4599-A620-E2556CADD185}.Debug|x86.ActiveCfg = Debug|Any CPU
		{118E0795-599D-4599-A620-E2556CADD185}.Debug|x86.Build.0 = Debug|Any CPU
		{118E0795-599D-4599-A620-E2556CADD185}.Release|Any CPU.ActiveCfg = Release|Any CPU
		{118E0795-599D-4599-A620-E2556CADD185}.Release|Any CPU.Build.0 = Release|Any CPU
		{118E0795-599D-4599-A620-E2556CADD185}.Release|iPhone.ActiveCfg = Release|Any CPU
		{118E0795-599D-4599-A620-E2556CADD185}.Release|iPhone.Build.0 = Release|Any CPU
		{118E0795-599D-4599-A620-E2556CADD185}.Release|iPhoneSimulator.ActiveCfg = Release|Any CPU
		{118E0795-599D-4599-A620-E2556CADD185}.Release|iPhoneSimulator.Build.0 = Release|Any CPU
		{118E0795-599D-4599-A620-E2556CADD185}.Release|x64.ActiveCfg = Release|Any CPU
		{118E0795-599D-4599-A620-E2556CADD185}.Release|x64.Build.0 = Release|Any CPU
		{118E0795-599D-4599-A620-E2556CADD185}.Release|x86.ActiveCfg = Release|Any CPU
		{118E0795-599D-4599-A620-E2556CADD185}.Release|x86.Build.0 = Release|Any CPU
		{0DCEE3C4-0A2D-4E4D-A09E-BD3868444E4C}.Debug|Any CPU.ActiveCfg = Debug|Any CPU
		{0DCEE3C4-0A2D-4E4D-A09E-BD3868444E4C}.Debug|Any CPU.Build.0 = Debug|Any CPU
		{0DCEE3C4-0A2D-4E4D-A09E-BD3868444E4C}.Debug|iPhone.ActiveCfg = Debug|Any CPU
		{0DCEE3C4-0A2D-4E4D-A09E-BD3868444E4C}.Debug|iPhone.Build.0 = Debug|Any CPU
		{0DCEE3C4-0A2D-4E4D-A09E-BD3868444E4C}.Debug|iPhoneSimulator.ActiveCfg = Debug|Any CPU
		{0DCEE3C4-0A2D-4E4D-A09E-BD3868444E4C}.Debug|iPhoneSimulator.Build.0 = Debug|Any CPU
		{0DCEE3C4-0A2D-4E4D-A09E-BD3868444E4C}.Debug|x64.ActiveCfg = Debug|Any CPU
		{0DCEE3C4-0A2D-4E4D-A09E-BD3868444E4C}.Debug|x64.Build.0 = Debug|Any CPU
		{0DCEE3C4-0A2D-4E4D-A09E-BD3868444E4C}.Debug|x86.ActiveCfg = Debug|Any CPU
		{0DCEE3C4-0A2D-4E4D-A09E-BD3868444E4C}.Debug|x86.Build.0 = Debug|Any CPU
		{0DCEE3C4-0A2D-4E4D-A09E-BD3868444E4C}.Release|Any CPU.ActiveCfg = Release|Any CPU
		{0DCEE3C4-0A2D-4E4D-A09E-BD3868444E4C}.Release|Any CPU.Build.0 = Release|Any CPU
		{0DCEE3C4-0A2D-4E4D-A09E-BD3868444E4C}.Release|iPhone.ActiveCfg = Release|Any CPU
		{0DCEE3C4-0A2D-4E4D-A09E-BD3868444E4C}.Release|iPhone.Build.0 = Release|Any CPU
		{0DCEE3C4-0A2D-4E4D-A09E-BD3868444E4C}.Release|iPhoneSimulator.ActiveCfg = Release|Any CPU
		{0DCEE3C4-0A2D-4E4D-A09E-BD3868444E4C}.Release|iPhoneSimulator.Build.0 = Release|Any CPU
		{0DCEE3C4-0A2D-4E4D-A09E-BD3868444E4C}.Release|x64.ActiveCfg = Release|Any CPU
		{0DCEE3C4-0A2D-4E4D-A09E-BD3868444E4C}.Release|x64.Build.0 = Release|Any CPU
		{0DCEE3C4-0A2D-4E4D-A09E-BD3868444E4C}.Release|x86.ActiveCfg = Release|Any CPU
		{0DCEE3C4-0A2D-4E4D-A09E-BD3868444E4C}.Release|x86.Build.0 = Release|Any CPU
		{67135757-9C8E-40FC-8EE4-834D142F2F07}.Debug|Any CPU.ActiveCfg = Debug|Any CPU
		{67135757-9C8E-40FC-8EE4-834D142F2F07}.Debug|Any CPU.Build.0 = Debug|Any CPU
		{67135757-9C8E-40FC-8EE4-834D142F2F07}.Debug|iPhone.ActiveCfg = Debug|Any CPU
		{67135757-9C8E-40FC-8EE4-834D142F2F07}.Debug|iPhone.Build.0 = Debug|Any CPU
		{67135757-9C8E-40FC-8EE4-834D142F2F07}.Debug|iPhoneSimulator.ActiveCfg = Debug|Any CPU
		{67135757-9C8E-40FC-8EE4-834D142F2F07}.Debug|iPhoneSimulator.Build.0 = Debug|Any CPU
		{67135757-9C8E-40FC-8EE4-834D142F2F07}.Debug|x64.ActiveCfg = Debug|Any CPU
		{67135757-9C8E-40FC-8EE4-834D142F2F07}.Debug|x64.Build.0 = Debug|Any CPU
		{67135757-9C8E-40FC-8EE4-834D142F2F07}.Debug|x86.ActiveCfg = Debug|Any CPU
		{67135757-9C8E-40FC-8EE4-834D142F2F07}.Debug|x86.Build.0 = Debug|Any CPU
		{67135757-9C8E-40FC-8EE4-834D142F2F07}.Release|Any CPU.ActiveCfg = Release|Any CPU
		{67135757-9C8E-40FC-8EE4-834D142F2F07}.Release|Any CPU.Build.0 = Release|Any CPU
		{67135757-9C8E-40FC-8EE4-834D142F2F07}.Release|iPhone.ActiveCfg = Release|Any CPU
		{67135757-9C8E-40FC-8EE4-834D142F2F07}.Release|iPhone.Build.0 = Release|Any CPU
		{67135757-9C8E-40FC-8EE4-834D142F2F07}.Release|iPhoneSimulator.ActiveCfg = Release|Any CPU
		{67135757-9C8E-40FC-8EE4-834D142F2F07}.Release|iPhoneSimulator.Build.0 = Release|Any CPU
		{67135757-9C8E-40FC-8EE4-834D142F2F07}.Release|x64.ActiveCfg = Release|Any CPU
		{67135757-9C8E-40FC-8EE4-834D142F2F07}.Release|x64.Build.0 = Release|Any CPU
		{67135757-9C8E-40FC-8EE4-834D142F2F07}.Release|x86.ActiveCfg = Release|Any CPU
		{67135757-9C8E-40FC-8EE4-834D142F2F07}.Release|x86.Build.0 = Release|Any CPU
		{6FA7CB53-929E-4C81-A027-05A1EBDD4F9A}.Debug|Any CPU.ActiveCfg = Debug|Any CPU
		{6FA7CB53-929E-4C81-A027-05A1EBDD4F9A}.Debug|Any CPU.Build.0 = Debug|Any CPU
		{6FA7CB53-929E-4C81-A027-05A1EBDD4F9A}.Debug|iPhone.ActiveCfg = Debug|Any CPU
		{6FA7CB53-929E-4C81-A027-05A1EBDD4F9A}.Debug|iPhone.Build.0 = Debug|Any CPU
		{6FA7CB53-929E-4C81-A027-05A1EBDD4F9A}.Debug|iPhoneSimulator.ActiveCfg = Debug|Any CPU
		{6FA7CB53-929E-4C81-A027-05A1EBDD4F9A}.Debug|iPhoneSimulator.Build.0 = Debug|Any CPU
		{6FA7CB53-929E-4C81-A027-05A1EBDD4F9A}.Debug|x64.ActiveCfg = Debug|Any CPU
		{6FA7CB53-929E-4C81-A027-05A1EBDD4F9A}.Debug|x64.Build.0 = Debug|Any CPU
		{6FA7CB53-929E-4C81-A027-05A1EBDD4F9A}.Debug|x86.ActiveCfg = Debug|Any CPU
		{6FA7CB53-929E-4C81-A027-05A1EBDD4F9A}.Debug|x86.Build.0 = Debug|Any CPU
		{6FA7CB53-929E-4C81-A027-05A1EBDD4F9A}.Release|Any CPU.ActiveCfg = Release|Any CPU
		{6FA7CB53-929E-4C81-A027-05A1EBDD4F9A}.Release|Any CPU.Build.0 = Release|Any CPU
		{6FA7CB53-929E-4C81-A027-05A1EBDD4F9A}.Release|iPhone.ActiveCfg = Release|Any CPU
		{6FA7CB53-929E-4C81-A027-05A1EBDD4F9A}.Release|iPhone.Build.0 = Release|Any CPU
		{6FA7CB53-929E-4C81-A027-05A1EBDD4F9A}.Release|iPhoneSimulator.ActiveCfg = Release|Any CPU
		{6FA7CB53-929E-4C81-A027-05A1EBDD4F9A}.Release|iPhoneSimulator.Build.0 = Release|Any CPU
		{6FA7CB53-929E-4C81-A027-05A1EBDD4F9A}.Release|x64.ActiveCfg = Release|Any CPU
		{6FA7CB53-929E-4C81-A027-05A1EBDD4F9A}.Release|x64.Build.0 = Release|Any CPU
		{6FA7CB53-929E-4C81-A027-05A1EBDD4F9A}.Release|x86.ActiveCfg = Release|Any CPU
		{6FA7CB53-929E-4C81-A027-05A1EBDD4F9A}.Release|x86.Build.0 = Release|Any CPU
		{AD92095E-3B58-4E6A-9207-E2F8FC841FAD}.Debug|Any CPU.ActiveCfg = Debug|Any CPU
		{AD92095E-3B58-4E6A-9207-E2F8FC841FAD}.Debug|Any CPU.Build.0 = Debug|Any CPU
		{AD92095E-3B58-4E6A-9207-E2F8FC841FAD}.Debug|iPhone.ActiveCfg = Debug|Any CPU
		{AD92095E-3B58-4E6A-9207-E2F8FC841FAD}.Debug|iPhone.Build.0 = Debug|Any CPU
		{AD92095E-3B58-4E6A-9207-E2F8FC841FAD}.Debug|iPhoneSimulator.ActiveCfg = Debug|Any CPU
		{AD92095E-3B58-4E6A-9207-E2F8FC841FAD}.Debug|iPhoneSimulator.Build.0 = Debug|Any CPU
		{AD92095E-3B58-4E6A-9207-E2F8FC841FAD}.Debug|x64.ActiveCfg = Debug|Any CPU
		{AD92095E-3B58-4E6A-9207-E2F8FC841FAD}.Debug|x64.Build.0 = Debug|Any CPU
		{AD92095E-3B58-4E6A-9207-E2F8FC841FAD}.Debug|x86.ActiveCfg = Debug|Any CPU
		{AD92095E-3B58-4E6A-9207-E2F8FC841FAD}.Debug|x86.Build.0 = Debug|Any CPU
		{AD92095E-3B58-4E6A-9207-E2F8FC841FAD}.Release|Any CPU.ActiveCfg = Release|Any CPU
		{AD92095E-3B58-4E6A-9207-E2F8FC841FAD}.Release|Any CPU.Build.0 = Release|Any CPU
		{AD92095E-3B58-4E6A-9207-E2F8FC841FAD}.Release|iPhone.ActiveCfg = Release|Any CPU
		{AD92095E-3B58-4E6A-9207-E2F8FC841FAD}.Release|iPhone.Build.0 = Release|Any CPU
		{AD92095E-3B58-4E6A-9207-E2F8FC841FAD}.Release|iPhoneSimulator.ActiveCfg = Release|Any CPU
		{AD92095E-3B58-4E6A-9207-E2F8FC841FAD}.Release|iPhoneSimulator.Build.0 = Release|Any CPU
		{AD92095E-3B58-4E6A-9207-E2F8FC841FAD}.Release|x64.ActiveCfg = Release|Any CPU
		{AD92095E-3B58-4E6A-9207-E2F8FC841FAD}.Release|x64.Build.0 = Release|Any CPU
		{AD92095E-3B58-4E6A-9207-E2F8FC841FAD}.Release|x86.ActiveCfg = Release|Any CPU
		{AD92095E-3B58-4E6A-9207-E2F8FC841FAD}.Release|x86.Build.0 = Release|Any CPU
		{8969503F-EA92-4729-9A1A-1E7CDB072929}.Debug|Any CPU.ActiveCfg = Debug|Any CPU
		{8969503F-EA92-4729-9A1A-1E7CDB072929}.Debug|Any CPU.Build.0 = Debug|Any CPU
		{8969503F-EA92-4729-9A1A-1E7CDB072929}.Debug|iPhone.ActiveCfg = Debug|Any CPU
		{8969503F-EA92-4729-9A1A-1E7CDB072929}.Debug|iPhone.Build.0 = Debug|Any CPU
		{8969503F-EA92-4729-9A1A-1E7CDB072929}.Debug|iPhoneSimulator.ActiveCfg = Debug|Any CPU
		{8969503F-EA92-4729-9A1A-1E7CDB072929}.Debug|iPhoneSimulator.Build.0 = Debug|Any CPU
		{8969503F-EA92-4729-9A1A-1E7CDB072929}.Debug|x64.ActiveCfg = Debug|Any CPU
		{8969503F-EA92-4729-9A1A-1E7CDB072929}.Debug|x64.Build.0 = Debug|Any CPU
		{8969503F-EA92-4729-9A1A-1E7CDB072929}.Debug|x86.ActiveCfg = Debug|Any CPU
		{8969503F-EA92-4729-9A1A-1E7CDB072929}.Debug|x86.Build.0 = Debug|Any CPU
		{8969503F-EA92-4729-9A1A-1E7CDB072929}.Release|Any CPU.ActiveCfg = Release|Any CPU
		{8969503F-EA92-4729-9A1A-1E7CDB072929}.Release|Any CPU.Build.0 = Release|Any CPU
		{8969503F-EA92-4729-9A1A-1E7CDB072929}.Release|iPhone.ActiveCfg = Release|Any CPU
		{8969503F-EA92-4729-9A1A-1E7CDB072929}.Release|iPhone.Build.0 = Release|Any CPU
		{8969503F-EA92-4729-9A1A-1E7CDB072929}.Release|iPhoneSimulator.ActiveCfg = Release|Any CPU
		{8969503F-EA92-4729-9A1A-1E7CDB072929}.Release|iPhoneSimulator.Build.0 = Release|Any CPU
		{8969503F-EA92-4729-9A1A-1E7CDB072929}.Release|x64.ActiveCfg = Release|Any CPU
		{8969503F-EA92-4729-9A1A-1E7CDB072929}.Release|x64.Build.0 = Release|Any CPU
		{8969503F-EA92-4729-9A1A-1E7CDB072929}.Release|x86.ActiveCfg = Release|Any CPU
		{8969503F-EA92-4729-9A1A-1E7CDB072929}.Release|x86.Build.0 = Release|Any CPU
		{114B678B-E6F4-4248-A797-A389140E8664}.Debug|Any CPU.ActiveCfg = Debug|Any CPU
		{114B678B-E6F4-4248-A797-A389140E8664}.Debug|Any CPU.Build.0 = Debug|Any CPU
		{114B678B-E6F4-4248-A797-A389140E8664}.Debug|iPhone.ActiveCfg = Debug|Any CPU
		{114B678B-E6F4-4248-A797-A389140E8664}.Debug|iPhone.Build.0 = Debug|Any CPU
		{114B678B-E6F4-4248-A797-A389140E8664}.Debug|iPhoneSimulator.ActiveCfg = Debug|Any CPU
		{114B678B-E6F4-4248-A797-A389140E8664}.Debug|iPhoneSimulator.Build.0 = Debug|Any CPU
		{114B678B-E6F4-4248-A797-A389140E8664}.Debug|x64.ActiveCfg = Debug|Any CPU
		{114B678B-E6F4-4248-A797-A389140E8664}.Debug|x64.Build.0 = Debug|Any CPU
		{114B678B-E6F4-4248-A797-A389140E8664}.Debug|x86.ActiveCfg = Debug|Any CPU
		{114B678B-E6F4-4248-A797-A389140E8664}.Debug|x86.Build.0 = Debug|Any CPU
		{114B678B-E6F4-4248-A797-A389140E8664}.Release|Any CPU.ActiveCfg = Release|Any CPU
		{114B678B-E6F4-4248-A797-A389140E8664}.Release|Any CPU.Build.0 = Release|Any CPU
		{114B678B-E6F4-4248-A797-A389140E8664}.Release|iPhone.ActiveCfg = Release|Any CPU
		{114B678B-E6F4-4248-A797-A389140E8664}.Release|iPhone.Build.0 = Release|Any CPU
		{114B678B-E6F4-4248-A797-A389140E8664}.Release|iPhoneSimulator.ActiveCfg = Release|Any CPU
		{114B678B-E6F4-4248-A797-A389140E8664}.Release|iPhoneSimulator.Build.0 = Release|Any CPU
		{114B678B-E6F4-4248-A797-A389140E8664}.Release|x64.ActiveCfg = Release|Any CPU
		{114B678B-E6F4-4248-A797-A389140E8664}.Release|x64.Build.0 = Release|Any CPU
		{114B678B-E6F4-4248-A797-A389140E8664}.Release|x86.ActiveCfg = Release|Any CPU
		{114B678B-E6F4-4248-A797-A389140E8664}.Release|x86.Build.0 = Release|Any CPU
		{D6F7A1A7-7D3D-4CEC-B5D0-1925480AFB64}.Debug|Any CPU.ActiveCfg = Debug|Any CPU
		{D6F7A1A7-7D3D-4CEC-B5D0-1925480AFB64}.Debug|Any CPU.Build.0 = Debug|Any CPU
		{D6F7A1A7-7D3D-4CEC-B5D0-1925480AFB64}.Debug|iPhone.ActiveCfg = Debug|Any CPU
		{D6F7A1A7-7D3D-4CEC-B5D0-1925480AFB64}.Debug|iPhoneSimulator.ActiveCfg = Debug|Any CPU
		{D6F7A1A7-7D3D-4CEC-B5D0-1925480AFB64}.Debug|x64.ActiveCfg = Debug|Any CPU
		{D6F7A1A7-7D3D-4CEC-B5D0-1925480AFB64}.Debug|x64.Build.0 = Debug|Any CPU
		{D6F7A1A7-7D3D-4CEC-B5D0-1925480AFB64}.Debug|x86.ActiveCfg = Debug|Any CPU
		{D6F7A1A7-7D3D-4CEC-B5D0-1925480AFB64}.Debug|x86.Build.0 = Debug|Any CPU
		{D6F7A1A7-7D3D-4CEC-B5D0-1925480AFB64}.Release|Any CPU.ActiveCfg = Release|Any CPU
		{D6F7A1A7-7D3D-4CEC-B5D0-1925480AFB64}.Release|Any CPU.Build.0 = Release|Any CPU
		{D6F7A1A7-7D3D-4CEC-B5D0-1925480AFB64}.Release|iPhone.ActiveCfg = Release|Any CPU
		{D6F7A1A7-7D3D-4CEC-B5D0-1925480AFB64}.Release|iPhoneSimulator.ActiveCfg = Release|Any CPU
		{D6F7A1A7-7D3D-4CEC-B5D0-1925480AFB64}.Release|x64.ActiveCfg = Release|Any CPU
		{D6F7A1A7-7D3D-4CEC-B5D0-1925480AFB64}.Release|x64.Build.0 = Release|Any CPU
		{D6F7A1A7-7D3D-4CEC-B5D0-1925480AFB64}.Release|x86.ActiveCfg = Release|Any CPU
		{D6F7A1A7-7D3D-4CEC-B5D0-1925480AFB64}.Release|x86.Build.0 = Release|Any CPU
		{0197EF48-D2D1-4E07-AA2D-73DD50CECF24}.Debug|Any CPU.ActiveCfg = Debug|Any CPU
		{0197EF48-D2D1-4E07-AA2D-73DD50CECF24}.Debug|Any CPU.Build.0 = Debug|Any CPU
		{0197EF48-D2D1-4E07-AA2D-73DD50CECF24}.Debug|iPhone.ActiveCfg = Debug|Any CPU
		{0197EF48-D2D1-4E07-AA2D-73DD50CECF24}.Debug|iPhone.Build.0 = Debug|Any CPU
		{0197EF48-D2D1-4E07-AA2D-73DD50CECF24}.Debug|iPhoneSimulator.ActiveCfg = Debug|Any CPU
		{0197EF48-D2D1-4E07-AA2D-73DD50CECF24}.Debug|iPhoneSimulator.Build.0 = Debug|Any CPU
		{0197EF48-D2D1-4E07-AA2D-73DD50CECF24}.Debug|x64.ActiveCfg = Debug|Any CPU
		{0197EF48-D2D1-4E07-AA2D-73DD50CECF24}.Debug|x64.Build.0 = Debug|Any CPU
		{0197EF48-D2D1-4E07-AA2D-73DD50CECF24}.Debug|x86.ActiveCfg = Debug|Any CPU
		{0197EF48-D2D1-4E07-AA2D-73DD50CECF24}.Debug|x86.Build.0 = Debug|Any CPU
		{0197EF48-D2D1-4E07-AA2D-73DD50CECF24}.Release|Any CPU.ActiveCfg = Release|Any CPU
		{0197EF48-D2D1-4E07-AA2D-73DD50CECF24}.Release|Any CPU.Build.0 = Release|Any CPU
		{0197EF48-D2D1-4E07-AA2D-73DD50CECF24}.Release|iPhone.ActiveCfg = Release|Any CPU
		{0197EF48-D2D1-4E07-AA2D-73DD50CECF24}.Release|iPhone.Build.0 = Release|Any CPU
		{0197EF48-D2D1-4E07-AA2D-73DD50CECF24}.Release|iPhoneSimulator.ActiveCfg = Release|Any CPU
		{0197EF48-D2D1-4E07-AA2D-73DD50CECF24}.Release|iPhoneSimulator.Build.0 = Release|Any CPU
		{0197EF48-D2D1-4E07-AA2D-73DD50CECF24}.Release|x64.ActiveCfg = Release|Any CPU
		{0197EF48-D2D1-4E07-AA2D-73DD50CECF24}.Release|x64.Build.0 = Release|Any CPU
		{0197EF48-D2D1-4E07-AA2D-73DD50CECF24}.Release|x86.ActiveCfg = Release|Any CPU
		{0197EF48-D2D1-4E07-AA2D-73DD50CECF24}.Release|x86.Build.0 = Release|Any CPU
		{0455A785-0D43-4C0D-B602-ECABF45B16A7}.Debug|Any CPU.ActiveCfg = Debug|Any CPU
		{0455A785-0D43-4C0D-B602-ECABF45B16A7}.Debug|Any CPU.Build.0 = Debug|Any CPU
		{0455A785-0D43-4C0D-B602-ECABF45B16A7}.Debug|iPhone.ActiveCfg = Debug|Any CPU
		{0455A785-0D43-4C0D-B602-ECABF45B16A7}.Debug|iPhone.Build.0 = Debug|Any CPU
		{0455A785-0D43-4C0D-B602-ECABF45B16A7}.Debug|iPhoneSimulator.ActiveCfg = Debug|Any CPU
		{0455A785-0D43-4C0D-B602-ECABF45B16A7}.Debug|iPhoneSimulator.Build.0 = Debug|Any CPU
		{0455A785-0D43-4C0D-B602-ECABF45B16A7}.Debug|x64.ActiveCfg = Debug|Any CPU
		{0455A785-0D43-4C0D-B602-ECABF45B16A7}.Debug|x64.Build.0 = Debug|Any CPU
		{0455A785-0D43-4C0D-B602-ECABF45B16A7}.Debug|x86.ActiveCfg = Debug|Any CPU
		{0455A785-0D43-4C0D-B602-ECABF45B16A7}.Debug|x86.Build.0 = Debug|Any CPU
		{0455A785-0D43-4C0D-B602-ECABF45B16A7}.Release|Any CPU.ActiveCfg = Release|Any CPU
		{0455A785-0D43-4C0D-B602-ECABF45B16A7}.Release|Any CPU.Build.0 = Release|Any CPU
		{0455A785-0D43-4C0D-B602-ECABF45B16A7}.Release|iPhone.ActiveCfg = Release|Any CPU
		{0455A785-0D43-4C0D-B602-ECABF45B16A7}.Release|iPhone.Build.0 = Release|Any CPU
		{0455A785-0D43-4C0D-B602-ECABF45B16A7}.Release|iPhoneSimulator.ActiveCfg = Release|Any CPU
		{0455A785-0D43-4C0D-B602-ECABF45B16A7}.Release|iPhoneSimulator.Build.0 = Release|Any CPU
		{0455A785-0D43-4C0D-B602-ECABF45B16A7}.Release|x64.ActiveCfg = Release|Any CPU
		{0455A785-0D43-4C0D-B602-ECABF45B16A7}.Release|x64.Build.0 = Release|Any CPU
		{0455A785-0D43-4C0D-B602-ECABF45B16A7}.Release|x86.ActiveCfg = Release|Any CPU
		{0455A785-0D43-4C0D-B602-ECABF45B16A7}.Release|x86.Build.0 = Release|Any CPU
		{59BCF628-D725-4019-8DE5-BD16DC566396}.Debug|Any CPU.ActiveCfg = Debug|Any CPU
		{59BCF628-D725-4019-8DE5-BD16DC566396}.Debug|Any CPU.Build.0 = Debug|Any CPU
		{59BCF628-D725-4019-8DE5-BD16DC566396}.Debug|iPhone.ActiveCfg = Debug|Any CPU
		{59BCF628-D725-4019-8DE5-BD16DC566396}.Debug|iPhone.Build.0 = Debug|Any CPU
		{59BCF628-D725-4019-8DE5-BD16DC566396}.Debug|iPhoneSimulator.ActiveCfg = Debug|Any CPU
		{59BCF628-D725-4019-8DE5-BD16DC566396}.Debug|iPhoneSimulator.Build.0 = Debug|Any CPU
		{59BCF628-D725-4019-8DE5-BD16DC566396}.Debug|x64.ActiveCfg = Debug|Any CPU
		{59BCF628-D725-4019-8DE5-BD16DC566396}.Debug|x64.Build.0 = Debug|Any CPU
		{59BCF628-D725-4019-8DE5-BD16DC566396}.Debug|x86.ActiveCfg = Debug|Any CPU
		{59BCF628-D725-4019-8DE5-BD16DC566396}.Debug|x86.Build.0 = Debug|Any CPU
		{59BCF628-D725-4019-8DE5-BD16DC566396}.Release|Any CPU.ActiveCfg = Release|Any CPU
		{59BCF628-D725-4019-8DE5-BD16DC566396}.Release|Any CPU.Build.0 = Release|Any CPU
		{59BCF628-D725-4019-8DE5-BD16DC566396}.Release|iPhone.ActiveCfg = Release|Any CPU
		{59BCF628-D725-4019-8DE5-BD16DC566396}.Release|iPhone.Build.0 = Release|Any CPU
		{59BCF628-D725-4019-8DE5-BD16DC566396}.Release|iPhoneSimulator.ActiveCfg = Release|Any CPU
		{59BCF628-D725-4019-8DE5-BD16DC566396}.Release|iPhoneSimulator.Build.0 = Release|Any CPU
		{59BCF628-D725-4019-8DE5-BD16DC566396}.Release|x64.ActiveCfg = Release|Any CPU
		{59BCF628-D725-4019-8DE5-BD16DC566396}.Release|x64.Build.0 = Release|Any CPU
		{59BCF628-D725-4019-8DE5-BD16DC566396}.Release|x86.ActiveCfg = Release|Any CPU
		{59BCF628-D725-4019-8DE5-BD16DC566396}.Release|x86.Build.0 = Release|Any CPU
		{240F47F6-3CDE-44AC-9FDE-EA55E00EC8FF}.Debug|Any CPU.ActiveCfg = Debug|Any CPU
		{240F47F6-3CDE-44AC-9FDE-EA55E00EC8FF}.Debug|Any CPU.Build.0 = Debug|Any CPU
		{240F47F6-3CDE-44AC-9FDE-EA55E00EC8FF}.Debug|Any CPU.Deploy.0 = Debug|Any CPU
		{240F47F6-3CDE-44AC-9FDE-EA55E00EC8FF}.Debug|iPhone.ActiveCfg = Debug|Any CPU
		{240F47F6-3CDE-44AC-9FDE-EA55E00EC8FF}.Debug|iPhone.Build.0 = Debug|Any CPU
		{240F47F6-3CDE-44AC-9FDE-EA55E00EC8FF}.Debug|iPhone.Deploy.0 = Debug|Any CPU
		{240F47F6-3CDE-44AC-9FDE-EA55E00EC8FF}.Debug|iPhoneSimulator.ActiveCfg = Debug|Any CPU
		{240F47F6-3CDE-44AC-9FDE-EA55E00EC8FF}.Debug|iPhoneSimulator.Build.0 = Debug|Any CPU
		{240F47F6-3CDE-44AC-9FDE-EA55E00EC8FF}.Debug|iPhoneSimulator.Deploy.0 = Debug|Any CPU
		{240F47F6-3CDE-44AC-9FDE-EA55E00EC8FF}.Debug|x64.ActiveCfg = Debug|Any CPU
		{240F47F6-3CDE-44AC-9FDE-EA55E00EC8FF}.Debug|x64.Build.0 = Debug|Any CPU
		{240F47F6-3CDE-44AC-9FDE-EA55E00EC8FF}.Debug|x64.Deploy.0 = Debug|Any CPU
		{240F47F6-3CDE-44AC-9FDE-EA55E00EC8FF}.Debug|x86.ActiveCfg = Debug|Any CPU
		{240F47F6-3CDE-44AC-9FDE-EA55E00EC8FF}.Debug|x86.Build.0 = Debug|Any CPU
		{240F47F6-3CDE-44AC-9FDE-EA55E00EC8FF}.Debug|x86.Deploy.0 = Debug|Any CPU
		{240F47F6-3CDE-44AC-9FDE-EA55E00EC8FF}.Release|Any CPU.ActiveCfg = Release|Any CPU
		{240F47F6-3CDE-44AC-9FDE-EA55E00EC8FF}.Release|Any CPU.Build.0 = Release|Any CPU
		{240F47F6-3CDE-44AC-9FDE-EA55E00EC8FF}.Release|Any CPU.Deploy.0 = Release|Any CPU
		{240F47F6-3CDE-44AC-9FDE-EA55E00EC8FF}.Release|iPhone.ActiveCfg = Release|Any CPU
		{240F47F6-3CDE-44AC-9FDE-EA55E00EC8FF}.Release|iPhone.Build.0 = Release|Any CPU
		{240F47F6-3CDE-44AC-9FDE-EA55E00EC8FF}.Release|iPhone.Deploy.0 = Release|Any CPU
		{240F47F6-3CDE-44AC-9FDE-EA55E00EC8FF}.Release|iPhoneSimulator.ActiveCfg = Release|Any CPU
		{240F47F6-3CDE-44AC-9FDE-EA55E00EC8FF}.Release|iPhoneSimulator.Build.0 = Release|Any CPU
		{240F47F6-3CDE-44AC-9FDE-EA55E00EC8FF}.Release|iPhoneSimulator.Deploy.0 = Release|Any CPU
		{240F47F6-3CDE-44AC-9FDE-EA55E00EC8FF}.Release|x64.ActiveCfg = Release|Any CPU
		{240F47F6-3CDE-44AC-9FDE-EA55E00EC8FF}.Release|x64.Build.0 = Release|Any CPU
		{240F47F6-3CDE-44AC-9FDE-EA55E00EC8FF}.Release|x64.Deploy.0 = Release|Any CPU
		{240F47F6-3CDE-44AC-9FDE-EA55E00EC8FF}.Release|x86.ActiveCfg = Release|Any CPU
		{240F47F6-3CDE-44AC-9FDE-EA55E00EC8FF}.Release|x86.Build.0 = Release|Any CPU
		{240F47F6-3CDE-44AC-9FDE-EA55E00EC8FF}.Release|x86.Deploy.0 = Release|Any CPU
		{089C9614-59F5-4684-9DAC-91D5186C2FD6}.Debug|Any CPU.ActiveCfg = Debug|iPhone
		{089C9614-59F5-4684-9DAC-91D5186C2FD6}.Debug|iPhone.ActiveCfg = Debug|iPhone
		{089C9614-59F5-4684-9DAC-91D5186C2FD6}.Debug|iPhone.Build.0 = Debug|iPhone
		{089C9614-59F5-4684-9DAC-91D5186C2FD6}.Debug|iPhoneSimulator.ActiveCfg = Debug|iPhoneSimulator
		{089C9614-59F5-4684-9DAC-91D5186C2FD6}.Debug|iPhoneSimulator.Build.0 = Debug|iPhoneSimulator
		{089C9614-59F5-4684-9DAC-91D5186C2FD6}.Debug|x64.ActiveCfg = Debug|iPhone
		{089C9614-59F5-4684-9DAC-91D5186C2FD6}.Debug|x86.ActiveCfg = Debug|iPhone
		{089C9614-59F5-4684-9DAC-91D5186C2FD6}.Release|Any CPU.ActiveCfg = Release|iPhone
		{089C9614-59F5-4684-9DAC-91D5186C2FD6}.Release|iPhone.ActiveCfg = Release|iPhone
		{089C9614-59F5-4684-9DAC-91D5186C2FD6}.Release|iPhone.Build.0 = Release|iPhone
		{089C9614-59F5-4684-9DAC-91D5186C2FD6}.Release|iPhoneSimulator.ActiveCfg = Release|iPhoneSimulator
		{089C9614-59F5-4684-9DAC-91D5186C2FD6}.Release|iPhoneSimulator.Build.0 = Release|iPhoneSimulator
		{089C9614-59F5-4684-9DAC-91D5186C2FD6}.Release|x64.ActiveCfg = Release|iPhone
		{089C9614-59F5-4684-9DAC-91D5186C2FD6}.Release|x86.ActiveCfg = Release|iPhone
		{46FFD520-3DE0-4854-9C40-DC1D51A68B71}.Debug|Any CPU.ActiveCfg = Debug|Any CPU
		{46FFD520-3DE0-4854-9C40-DC1D51A68B71}.Debug|Any CPU.Build.0 = Debug|Any CPU
		{46FFD520-3DE0-4854-9C40-DC1D51A68B71}.Debug|iPhone.ActiveCfg = Debug|Any CPU
		{46FFD520-3DE0-4854-9C40-DC1D51A68B71}.Debug|iPhone.Build.0 = Debug|Any CPU
		{46FFD520-3DE0-4854-9C40-DC1D51A68B71}.Debug|iPhoneSimulator.ActiveCfg = Debug|Any CPU
		{46FFD520-3DE0-4854-9C40-DC1D51A68B71}.Debug|iPhoneSimulator.Build.0 = Debug|Any CPU
		{46FFD520-3DE0-4854-9C40-DC1D51A68B71}.Debug|x64.ActiveCfg = Debug|Any CPU
		{46FFD520-3DE0-4854-9C40-DC1D51A68B71}.Debug|x64.Build.0 = Debug|Any CPU
		{46FFD520-3DE0-4854-9C40-DC1D51A68B71}.Debug|x86.ActiveCfg = Debug|Any CPU
		{46FFD520-3DE0-4854-9C40-DC1D51A68B71}.Debug|x86.Build.0 = Debug|Any CPU
		{46FFD520-3DE0-4854-9C40-DC1D51A68B71}.Release|Any CPU.ActiveCfg = Release|Any CPU
		{46FFD520-3DE0-4854-9C40-DC1D51A68B71}.Release|Any CPU.Build.0 = Release|Any CPU
		{46FFD520-3DE0-4854-9C40-DC1D51A68B71}.Release|iPhone.ActiveCfg = Release|Any CPU
		{46FFD520-3DE0-4854-9C40-DC1D51A68B71}.Release|iPhone.Build.0 = Release|Any CPU
		{46FFD520-3DE0-4854-9C40-DC1D51A68B71}.Release|iPhoneSimulator.ActiveCfg = Release|Any CPU
		{46FFD520-3DE0-4854-9C40-DC1D51A68B71}.Release|iPhoneSimulator.Build.0 = Release|Any CPU
		{46FFD520-3DE0-4854-9C40-DC1D51A68B71}.Release|x64.ActiveCfg = Release|Any CPU
		{46FFD520-3DE0-4854-9C40-DC1D51A68B71}.Release|x64.Build.0 = Release|Any CPU
		{46FFD520-3DE0-4854-9C40-DC1D51A68B71}.Release|x86.ActiveCfg = Release|Any CPU
		{46FFD520-3DE0-4854-9C40-DC1D51A68B71}.Release|x86.Build.0 = Release|Any CPU
	EndGlobalSection
	GlobalSection(SolutionProperties) = preSolution
		HideSolutionNode = FALSE
	EndGlobalSection
	GlobalSection(ExtensibilityGlobals) = postSolution
		SolutionGuid = {672F759B-DA16-4387-BFCF-A105E160DCCC}
	EndGlobalSection
EndGlobal
